// !$*UTF8*$!
{
	archiveVersion = 1;
	classes = {
	};
	objectVersion = 46;
	objects = {

/* Begin PBXBuildFile section */
		0C14F67419A6613E008E8E6F /* PullDownSegue.m in Sources */ = {isa = PBXBuildFile; fileRef = 0C14F67319A6613E008E8E6F /* PullDownSegue.m */; };
		0C1AD6B31993E95D00E9BCE5 /* TNResizableTextView.m in Sources */ = {isa = PBXBuildFile; fileRef = 0C1AD6B21993E95D00E9BCE5 /* TNResizableTextView.m */; };
		0C1AD6B5199400E300E9BCE5 /* Security.framework in Frameworks */ = {isa = PBXBuildFile; fileRef = 0C1AD6B4199400E300E9BCE5 /* Security.framework */; };
		0C1AD6BD1994010400E9BCE5 /* SSKeychain.strings in Resources */ = {isa = PBXBuildFile; fileRef = 0C1AD6B71994010400E9BCE5 /* SSKeychain.strings */; };
		0C1AD6BE1994010400E9BCE5 /* SSKeychain.m in Sources */ = {isa = PBXBuildFile; fileRef = 0C1AD6BA1994010400E9BCE5 /* SSKeychain.m */; };
		0C1AD6BF1994010400E9BCE5 /* SSKeychainQuery.m in Sources */ = {isa = PBXBuildFile; fileRef = 0C1AD6BC1994010400E9BCE5 /* SSKeychainQuery.m */; };
		0C1AD7221994161B00E9BCE5 /* TagsViewController.m in Sources */ = {isa = PBXBuildFile; fileRef = 0C1AD7211994161B00E9BCE5 /* TagsViewController.m */; };
		0C35FC2019ABB3BD00D8ABD8 /* persona@2x.png in Resources */ = {isa = PBXBuildFile; fileRef = 0C35FC1F19ABB3BD00D8ABD8 /* persona@2x.png */; };
		0C4B6FBF1999151A00B80AD6 /* HomeTableViewController.m in Sources */ = {isa = PBXBuildFile; fileRef = 0C4B6FBE1999151A00B80AD6 /* HomeTableViewController.m */; };
		0C4B6FC51999170F00B80AD6 /* 0catIcon@2x.png in Resources */ = {isa = PBXBuildFile; fileRef = 0C4B6FC01999170F00B80AD6 /* 0catIcon@2x.png */; };
		0C4B6FC61999170F00B80AD6 /* 1catIcon@2x.png in Resources */ = {isa = PBXBuildFile; fileRef = 0C4B6FC11999170F00B80AD6 /* 1catIcon@2x.png */; };
		0C4B6FC71999170F00B80AD6 /* 3catIcon@2x.png in Resources */ = {isa = PBXBuildFile; fileRef = 0C4B6FC21999170F00B80AD6 /* 3catIcon@2x.png */; };
		0C4B6FC81999170F00B80AD6 /* 2catIcon@2x.png in Resources */ = {isa = PBXBuildFile; fileRef = 0C4B6FC31999170F00B80AD6 /* 2catIcon@2x.png */; };
		0C4B6FC91999170F00B80AD6 /* 4catIcon@2x.png in Resources */ = {isa = PBXBuildFile; fileRef = 0C4B6FC41999170F00B80AD6 /* 4catIcon@2x.png */; };
		0C4B6FCC1999195A00B80AD6 /* TypeCell.m in Sources */ = {isa = PBXBuildFile; fileRef = 0C4B6FCB1999195A00B80AD6 /* TypeCell.m */; };
		0C4B6FCF19991DD200B80AD6 /* navLogo@2x.png in Resources */ = {isa = PBXBuildFile; fileRef = 0C4B6FCE19991DD200B80AD6 /* navLogo@2x.png */; };
		0C4B6FD119991E7100B80AD6 /* hamburger@2x.png in Resources */ = {isa = PBXBuildFile; fileRef = 0C4B6FD019991E7100B80AD6 /* hamburger@2x.png */; };
		0C6008B01992943E00EEFA5A /* OpenSans-Regular.ttf in Resources */ = {isa = PBXBuildFile; fileRef = 0CF022981991C45A008EDCBD /* OpenSans-Regular.ttf */; };
		0C65A89A19A7BEFE004AAC9E /* favourite-full@2x.png in Resources */ = {isa = PBXBuildFile; fileRef = 0C65A89919A7BEFE004AAC9E /* favourite-full@2x.png */; };
		0C65A89D19A7CB6C004AAC9E /* FirstSegue.m in Sources */ = {isa = PBXBuildFile; fileRef = 0C65A89C19A7CB6C004AAC9E /* FirstSegue.m */; };
		0C65A8A119A7CCDA004AAC9E /* NGAParallaxMotion.m in Sources */ = {isa = PBXBuildFile; fileRef = 0C65A8A019A7CCDA004AAC9E /* NGAParallaxMotion.m */; };
		0C730FDB199252B9001E4A04 /* fav-button@2x.png in Resources */ = {isa = PBXBuildFile; fileRef = 0C730FDA199252B9001E4A04 /* fav-button@2x.png */; };
		0C730FDD199252EC001E4A04 /* info-button@2x.png in Resources */ = {isa = PBXBuildFile; fileRef = 0C730FDC199252EC001E4A04 /* info-button@2x.png */; };
		0C730FE019926496001E4A04 /* DetailsViewController.m in Sources */ = {isa = PBXBuildFile; fileRef = 0C730FDF19926496001E4A04 /* DetailsViewController.m */; };
		0C8136D119AE383F007A01F8 /* sidebar-about@2x.png in Resources */ = {isa = PBXBuildFile; fileRef = 0C8136CE19AE383F007A01F8 /* sidebar-about@2x.png */; };
		0C8136D219AE383F007A01F8 /* sidebar-fav@2x.png in Resources */ = {isa = PBXBuildFile; fileRef = 0C8136CF19AE383F007A01F8 /* sidebar-fav@2x.png */; };
		0C8136D319AE383F007A01F8 /* sidebar-lang@2x.png in Resources */ = {isa = PBXBuildFile; fileRef = 0C8136D019AE383F007A01F8 /* sidebar-lang@2x.png */; };
		0C8136D619AE67A0007A01F8 /* AboutViewController.m in Sources */ = {isa = PBXBuildFile; fileRef = 0C8136D519AE67A0007A01F8 /* AboutViewController.m */; };
		0C8136D919AE6AB9007A01F8 /* FavouritesViewController.m in Sources */ = {isa = PBXBuildFile; fileRef = 0C8136D819AE6AB9007A01F8 /* FavouritesViewController.m */; };
		0C8136DD19AE74B9007A01F8 /* dery.jpg in Resources */ = {isa = PBXBuildFile; fileRef = 0C8136DC19AE74B9007A01F8 /* dery.jpg */; };
		0C8136EC19AE8F10007A01F8 /* CoreData.framework in Frameworks */ = {isa = PBXBuildFile; fileRef = 0C8136EB19AE8F10007A01F8 /* CoreData.framework */; };
		0C8136EE19AE8F19007A01F8 /* SystemConfiguration.framework in Frameworks */ = {isa = PBXBuildFile; fileRef = 0C8136ED19AE8F19007A01F8 /* SystemConfiguration.framework */; };
		0C8136F019AE8F24007A01F8 /* libz.dylib in Frameworks */ = {isa = PBXBuildFile; fileRef = 0C8136EF19AE8F24007A01F8 /* libz.dylib */; };
		0C8136F419AE90F1007A01F8 /* libsqlite3.dylib in Frameworks */ = {isa = PBXBuildFile; fileRef = 0C8136F319AE90F1007A01F8 /* libsqlite3.dylib */; };
		0CBB626B19916112001A06D0 /* Foundation.framework in Frameworks */ = {isa = PBXBuildFile; fileRef = 0CBB626A19916112001A06D0 /* Foundation.framework */; };
		0CBB626D19916112001A06D0 /* CoreGraphics.framework in Frameworks */ = {isa = PBXBuildFile; fileRef = 0CBB626C19916112001A06D0 /* CoreGraphics.framework */; };
		0CBB626F19916112001A06D0 /* UIKit.framework in Frameworks */ = {isa = PBXBuildFile; fileRef = 0CBB626E19916112001A06D0 /* UIKit.framework */; };
		0CBB627519916112001A06D0 /* InfoPlist.strings in Resources */ = {isa = PBXBuildFile; fileRef = 0CBB627319916112001A06D0 /* InfoPlist.strings */; };
		0CBB627719916112001A06D0 /* main.m in Sources */ = {isa = PBXBuildFile; fileRef = 0CBB627619916112001A06D0 /* main.m */; };
		0CBB627B19916112001A06D0 /* AppDelegate.m in Sources */ = {isa = PBXBuildFile; fileRef = 0CBB627A19916112001A06D0 /* AppDelegate.m */; };
		0CBB627E19916112001A06D0 /* Main.storyboard in Resources */ = {isa = PBXBuildFile; fileRef = 0CBB627C19916112001A06D0 /* Main.storyboard */; };
		0CBB628319916112001A06D0 /* Images.xcassets in Resources */ = {isa = PBXBuildFile; fileRef = 0CBB628219916112001A06D0 /* Images.xcassets */; };
		0CBB628A19916112001A06D0 /* XCTest.framework in Frameworks */ = {isa = PBXBuildFile; fileRef = 0CBB628919916112001A06D0 /* XCTest.framework */; };
		0CBB628B19916112001A06D0 /* Foundation.framework in Frameworks */ = {isa = PBXBuildFile; fileRef = 0CBB626A19916112001A06D0 /* Foundation.framework */; };
		0CBB628C19916112001A06D0 /* UIKit.framework in Frameworks */ = {isa = PBXBuildFile; fileRef = 0CBB626E19916112001A06D0 /* UIKit.framework */; };
		0CBB629419916112001A06D0 /* InfoPlist.strings in Resources */ = {isa = PBXBuildFile; fileRef = 0CBB629219916112001A06D0 /* InfoPlist.strings */; };
		0CBB629619916112001A06D0 /* UGO_MontrealTests.m in Sources */ = {isa = PBXBuildFile; fileRef = 0CBB629519916112001A06D0 /* UGO_MontrealTests.m */; };
		0CBB62A2199161EB001A06D0 /* MDCParallaxView.m in Sources */ = {isa = PBXBuildFile; fileRef = 0CBB62A1199161EB001A06D0 /* MDCParallaxView.m */; };
		0CBB62A51991624C001A06D0 /* KingViewController.m in Sources */ = {isa = PBXBuildFile; fileRef = 0CBB62A41991624C001A06D0 /* KingViewController.m */; };
		0CBB62AB199162AA001A06D0 /* background.png in Resources */ = {isa = PBXBuildFile; fileRef = 0CBB62AA199162AA001A06D0 /* background.png */; };
		0CBB62B3199163CC001A06D0 /* QMBParallaxScrollViewController.m in Sources */ = {isa = PBXBuildFile; fileRef = 0CBB62B0199163CC001A06D0 /* QMBParallaxScrollViewController.m */; };
		0CBB62B4199163CC001A06D0 /* UIViewController+QMBParallaxScrollViewController.m in Sources */ = {isa = PBXBuildFile; fileRef = 0CBB62B2199163CC001A06D0 /* UIViewController+QMBParallaxScrollViewController.m */; };
		0CBB62B7199164C2001A06D0 /* ParallaxPhotoViewController.m in Sources */ = {isa = PBXBuildFile; fileRef = 0CBB62B6199164C2001A06D0 /* ParallaxPhotoViewController.m */; };
		0CBB62BA199164D2001A06D0 /* SamplePhotoBrowserViewController.m in Sources */ = {isa = PBXBuildFile; fileRef = 0CBB62B9199164D2001A06D0 /* SamplePhotoBrowserViewController.m */; };
		0CBB62BD199164FB001A06D0 /* KIImagePager.m in Sources */ = {isa = PBXBuildFile; fileRef = 0CBB62BC199164FB001A06D0 /* KIImagePager.m */; };
		0CBB62C019916504001A06D0 /* KICamera.png in Resources */ = {isa = PBXBuildFile; fileRef = 0CBB62BE19916504001A06D0 /* KICamera.png */; };
		0CBB62C119916504001A06D0 /* KICamera@2x.png in Resources */ = {isa = PBXBuildFile; fileRef = 0CBB62BF19916504001A06D0 /* KICamera@2x.png */; };
		0CBB62C419916524001A06D0 /* VenueViewController.m in Sources */ = {isa = PBXBuildFile; fileRef = 0CBB62C319916524001A06D0 /* VenueViewController.m */; };
		0CBB62C719916D24001A06D0 /* ugo-back@2x.png in Resources */ = {isa = PBXBuildFile; fileRef = 0CBB62C619916D24001A06D0 /* ugo-back@2x.png */; };
		0CBB62CA199173BC001A06D0 /* HomePageViewController.m in Sources */ = {isa = PBXBuildFile; fileRef = 0CBB62C9199173BC001A06D0 /* HomePageViewController.m */; };
		0CBB62CD199173CC001A06D0 /* SubCategoriesViewController.m in Sources */ = {isa = PBXBuildFile; fileRef = 0CBB62CC199173CC001A06D0 /* SubCategoriesViewController.m */; };
		0CBB62E2199173F5001A06D0 /* AFHTTPRequestOperation.m in Sources */ = {isa = PBXBuildFile; fileRef = 0CBB62D0199173F5001A06D0 /* AFHTTPRequestOperation.m */; };
		0CBB62E3199173F5001A06D0 /* AFHTTPRequestOperationManager.m in Sources */ = {isa = PBXBuildFile; fileRef = 0CBB62D2199173F5001A06D0 /* AFHTTPRequestOperationManager.m */; };
		0CBB62E4199173F5001A06D0 /* AFHTTPSessionManager.m in Sources */ = {isa = PBXBuildFile; fileRef = 0CBB62D4199173F5001A06D0 /* AFHTTPSessionManager.m */; };
		0CBB62E5199173F5001A06D0 /* AFNetworkReachabilityManager.m in Sources */ = {isa = PBXBuildFile; fileRef = 0CBB62D7199173F5001A06D0 /* AFNetworkReachabilityManager.m */; };
		0CBB62E6199173F5001A06D0 /* AFSecurityPolicy.m in Sources */ = {isa = PBXBuildFile; fileRef = 0CBB62D9199173F5001A06D0 /* AFSecurityPolicy.m */; };
		0CBB62E7199173F5001A06D0 /* AFURLConnectionOperation.m in Sources */ = {isa = PBXBuildFile; fileRef = 0CBB62DB199173F5001A06D0 /* AFURLConnectionOperation.m */; };
		0CBB62E8199173F5001A06D0 /* AFURLRequestSerialization.m in Sources */ = {isa = PBXBuildFile; fileRef = 0CBB62DD199173F5001A06D0 /* AFURLRequestSerialization.m */; };
		0CBB62E9199173F5001A06D0 /* AFURLResponseSerialization.m in Sources */ = {isa = PBXBuildFile; fileRef = 0CBB62DF199173F5001A06D0 /* AFURLResponseSerialization.m */; };
		0CBB62EA199173F5001A06D0 /* AFURLSessionManager.m in Sources */ = {isa = PBXBuildFile; fileRef = 0CBB62E1199173F5001A06D0 /* AFURLSessionManager.m */; };
		0CD376CC19AF6F7B00D84B89 /* animation@2x.gif in Resources */ = {isa = PBXBuildFile; fileRef = 0CD376CB19AF6F7B00D84B89 /* animation@2x.gif */; };
		0CD376CE19AF6FAB00D84B89 /* libGoogleAnalyticsServices.a in Frameworks */ = {isa = PBXBuildFile; fileRef = 0CD376CD19AF6FAB00D84B89 /* libGoogleAnalyticsServices.a */; };
		0CD376D019AF70B000D84B89 /* full@2x.png in Resources */ = {isa = PBXBuildFile; fileRef = 0CD376CF19AF70B000D84B89 /* full@2x.png */; };
		0CDDC330199515DB0072CC82 /* call_info@2x.png in Resources */ = {isa = PBXBuildFile; fileRef = 0CDDC32C199515DB0072CC82 /* call_info@2x.png */; };
		0CDDC331199515DB0072CC82 /* fav_info@2x.png in Resources */ = {isa = PBXBuildFile; fileRef = 0CDDC32D199515DB0072CC82 /* fav_info@2x.png */; };
		0CDDC332199515DB0072CC82 /* fb_info@2x.png in Resources */ = {isa = PBXBuildFile; fileRef = 0CDDC32E199515DB0072CC82 /* fb_info@2x.png */; };
		0CDDC333199515DB0072CC82 /* map_info@2x.png in Resources */ = {isa = PBXBuildFile; fileRef = 0CDDC32F199515DB0072CC82 /* map_info@2x.png */; };
		0CDDC33619951C410072CC82 /* DemoMenuController.m in Sources */ = {isa = PBXBuildFile; fileRef = 0CDDC33519951C410072CC82 /* DemoMenuController.m */; };
		0CDDC33C19951C500072CC82 /* cellBg@2x.png in Resources */ = {isa = PBXBuildFile; fileRef = 0CDDC33819951C500072CC82 /* cellBg@2x.png */; };
		0CDDC33D19951C500072CC82 /* cellBgSelected@2x.png in Resources */ = {isa = PBXBuildFile; fileRef = 0CDDC33919951C500072CC82 /* cellBgSelected@2x.png */; };
		0CDDC33E19951C500072CC82 /* PaperFoldMenuController.m in Sources */ = {isa = PBXBuildFile; fileRef = 0CDDC33B19951C500072CC82 /* PaperFoldMenuController.m */; };
		0CDDC34D19951D370072CC82 /* FacingView.m in Sources */ = {isa = PBXBuildFile; fileRef = 0CDDC34119951D370072CC82 /* FacingView.m */; };
		0CDDC34E19951D370072CC82 /* FoldView.m in Sources */ = {isa = PBXBuildFile; fileRef = 0CDDC34319951D370072CC82 /* FoldView.m */; };
		0CDDC34F19951D370072CC82 /* MultiFoldView.m in Sources */ = {isa = PBXBuildFile; fileRef = 0CDDC34519951D370072CC82 /* MultiFoldView.m */; };
		0CDDC35019951D370072CC82 /* PaperFoldView.m in Sources */ = {isa = PBXBuildFile; fileRef = 0CDDC34819951D370072CC82 /* PaperFoldView.m */; };
		0CDDC35119951D370072CC82 /* ShadowView.m in Sources */ = {isa = PBXBuildFile; fileRef = 0CDDC34A19951D370072CC82 /* ShadowView.m */; };
		0CDDC35219951D370072CC82 /* UIView+Screenshot.m in Sources */ = {isa = PBXBuildFile; fileRef = 0CDDC34C19951D370072CC82 /* UIView+Screenshot.m */; };
		0CDDC354199520CD0072CC82 /* Icon@2x.png in Resources */ = {isa = PBXBuildFile; fileRef = 0CDDC353199520CD0072CC82 /* Icon@2x.png */; };
		0CDDC356199520E60072CC82 /* LaunchImage@2x.png in Resources */ = {isa = PBXBuildFile; fileRef = 0CDDC355199520E60072CC82 /* LaunchImage@2x.png */; };
		0CE36DE919A79F9700AD093D /* Animations.m in Sources */ = {isa = PBXBuildFile; fileRef = 0CE36DE819A79F9700AD093D /* Animations.m */; };
		0CE36DED19A7A1BF00AD093D /* fav-btn@2x.png in Resources */ = {isa = PBXBuildFile; fileRef = 0CE36DEC19A7A1BF00AD093D /* fav-btn@2x.png */; };
		0CE3745B19AE96CB004F29EA /* UIImage+animatedGIF.m in Sources */ = {isa = PBXBuildFile; fileRef = 0CE3745A19AE96CB004F29EA /* UIImage+animatedGIF.m */; };
		0CEA414B19AFA2730074E996 /* ParentTableViewCell.m in Sources */ = {isa = PBXBuildFile; fileRef = 0CEA414019AFA2730074E996 /* ParentTableViewCell.m */; };
		0CEA414C19AFA2730074E996 /* ParentTableView.m in Sources */ = {isa = PBXBuildFile; fileRef = 0CEA414219AFA2730074E996 /* ParentTableView.m */; };
		0CEA414D19AFA2730074E996 /* SubTableViewCell.m in Sources */ = {isa = PBXBuildFile; fileRef = 0CEA414619AFA2730074E996 /* SubTableViewCell.m */; };
		0CEA414E19AFA2730074E996 /* ExpandedContainer.m in Sources */ = {isa = PBXBuildFile; fileRef = 0CEA414819AFA2730074E996 /* ExpandedContainer.m */; };
		0CEA414F19AFA2730074E996 /* SubTableView.m in Sources */ = {isa = PBXBuildFile; fileRef = 0CEA414A19AFA2730074E996 /* SubTableView.m */; };
		0CEA415119AFA8560074E996 /* fav-bg-0@2x.png in Resources */ = {isa = PBXBuildFile; fileRef = 0CEA415019AFA8560074E996 /* fav-bg-0@2x.png */; };
		0CEA415419AFAA180074E996 /* Localization.strings in Resources */ = {isa = PBXBuildFile; fileRef = 0CEA415619AFAA180074E996 /* Localization.strings */; };
		0CF022891991B489008EDCBD /* Persona.m in Sources */ = {isa = PBXBuildFile; fileRef = 0CF022861991B489008EDCBD /* Persona.m */; };
		0CF0228A1991B489008EDCBD /* Venue.m in Sources */ = {isa = PBXBuildFile; fileRef = 0CF022881991B489008EDCBD /* Venue.m */; };
		0CF0228E1991B869008EDCBD /* PersonaCard.m in Sources */ = {isa = PBXBuildFile; fileRef = 0CF0228D1991B869008EDCBD /* PersonaCard.m */; };
		0CF022901991B8FE008EDCBD /* QuartzCore.framework in Frameworks */ = {isa = PBXBuildFile; fileRef = 0CF0228F1991B8FE008EDCBD /* QuartzCore.framework */; };
		0CF022951991C3DB008EDCBD /* OpenSans-Bold.ttf in Resources */ = {isa = PBXBuildFile; fileRef = 0CF022921991C3DB008EDCBD /* OpenSans-Bold.ttf */; };
		0CF022961991C3DB008EDCBD /* OpenSans-Light.ttf in Resources */ = {isa = PBXBuildFile; fileRef = 0CF022931991C3DB008EDCBD /* OpenSans-Light.ttf */; };
		0CF022971991C3DB008EDCBD /* OpenSans-Semibold.ttf in Resources */ = {isa = PBXBuildFile; fileRef = 0CF022941991C3DB008EDCBD /* OpenSans-Semibold.ttf */; };
		0CF0229A1991C5AB008EDCBD /* forward-arrow@2x.png in Resources */ = {isa = PBXBuildFile; fileRef = 0CF022991991C5AB008EDCBD /* forward-arrow@2x.png */; };
		0CF022BD1991C768008EDCBD /* MKAnnotationView+WebCache.m in Sources */ = {isa = PBXBuildFile; fileRef = 0CF0229D1991C768008EDCBD /* MKAnnotationView+WebCache.m */; };
		0CF022BE1991C768008EDCBD /* NSData+ImageContentType.m in Sources */ = {isa = PBXBuildFile; fileRef = 0CF0229F1991C768008EDCBD /* NSData+ImageContentType.m */; };
		0CF022BF1991C768008EDCBD /* SDImageCache.m in Sources */ = {isa = PBXBuildFile; fileRef = 0CF022A11991C768008EDCBD /* SDImageCache.m */; };
		0CF022C01991C768008EDCBD /* SDWebImageCompat.m in Sources */ = {isa = PBXBuildFile; fileRef = 0CF022A31991C768008EDCBD /* SDWebImageCompat.m */; };
		0CF022C11991C768008EDCBD /* SDWebImageDecoder.m in Sources */ = {isa = PBXBuildFile; fileRef = 0CF022A51991C768008EDCBD /* SDWebImageDecoder.m */; };
		0CF022C21991C768008EDCBD /* SDWebImageDownloader.m in Sources */ = {isa = PBXBuildFile; fileRef = 0CF022A71991C768008EDCBD /* SDWebImageDownloader.m */; };
		0CF022C31991C768008EDCBD /* SDWebImageDownloaderOperation.m in Sources */ = {isa = PBXBuildFile; fileRef = 0CF022A91991C768008EDCBD /* SDWebImageDownloaderOperation.m */; };
		0CF022C41991C768008EDCBD /* SDWebImageManager.m in Sources */ = {isa = PBXBuildFile; fileRef = 0CF022AB1991C768008EDCBD /* SDWebImageManager.m */; };
		0CF022C51991C768008EDCBD /* SDWebImagePrefetcher.m in Sources */ = {isa = PBXBuildFile; fileRef = 0CF022AE1991C768008EDCBD /* SDWebImagePrefetcher.m */; };
		0CF022C61991C768008EDCBD /* UIButton+WebCache.m in Sources */ = {isa = PBXBuildFile; fileRef = 0CF022B01991C768008EDCBD /* UIButton+WebCache.m */; };
		0CF022C71991C768008EDCBD /* UIImage+GIF.m in Sources */ = {isa = PBXBuildFile; fileRef = 0CF022B21991C768008EDCBD /* UIImage+GIF.m */; };
		0CF022C81991C768008EDCBD /* UIImage+MultiFormat.m in Sources */ = {isa = PBXBuildFile; fileRef = 0CF022B41991C768008EDCBD /* UIImage+MultiFormat.m */; };
		0CF022C91991C768008EDCBD /* UIImage+WebP.m in Sources */ = {isa = PBXBuildFile; fileRef = 0CF022B61991C768008EDCBD /* UIImage+WebP.m */; };
		0CF022CA1991C768008EDCBD /* UIImageView+HighlightedWebCache.m in Sources */ = {isa = PBXBuildFile; fileRef = 0CF022B81991C768008EDCBD /* UIImageView+HighlightedWebCache.m */; };
		0CF022CB1991C768008EDCBD /* UIImageView+WebCache.m in Sources */ = {isa = PBXBuildFile; fileRef = 0CF022BA1991C768008EDCBD /* UIImageView+WebCache.m */; };
		0CF022CC1991C768008EDCBD /* UIView+WebCacheOperation.m in Sources */ = {isa = PBXBuildFile; fileRef = 0CF022BC1991C768008EDCBD /* UIView+WebCacheOperation.m */; };
		0CF022CF1991C8FE008EDCBD /* placeholder.png in Resources */ = {isa = PBXBuildFile; fileRef = 0CF022CD1991C8FE008EDCBD /* placeholder.png */; };
		0CF022D01991C8FE008EDCBD /* placeholder@2x.png in Resources */ = {isa = PBXBuildFile; fileRef = 0CF022CE1991C8FE008EDCBD /* placeholder@2x.png */; };
		CA5B8A9334DB4EDA85179116 /* libPods.a in Frameworks */ = {isa = PBXBuildFile; fileRef = 9442C82C488B44BF9A861C32 /* libPods.a */; };
/* End PBXBuildFile section */

/* Begin PBXContainerItemProxy section */
		0CBB628D19916112001A06D0 /* PBXContainerItemProxy */ = {
			isa = PBXContainerItemProxy;
			containerPortal = 0CBB625F19916112001A06D0 /* Project object */;
			proxyType = 1;
			remoteGlobalIDString = 0CBB626619916112001A06D0;
			remoteInfo = "UGO Montreal";
		};
/* End PBXContainerItemProxy section */

/* Begin PBXFileReference section */
		0C14F67219A6613E008E8E6F /* PullDownSegue.h */ = {isa = PBXFileReference; fileEncoding = 4; lastKnownFileType = sourcecode.c.h; path = PullDownSegue.h; sourceTree = "<group>"; };
		0C14F67319A6613E008E8E6F /* PullDownSegue.m */ = {isa = PBXFileReference; fileEncoding = 4; lastKnownFileType = sourcecode.c.objc; path = PullDownSegue.m; sourceTree = "<group>"; };
		0C1AD6B11993E95D00E9BCE5 /* TNResizableTextView.h */ = {isa = PBXFileReference; fileEncoding = 4; lastKnownFileType = sourcecode.c.h; path = TNResizableTextView.h; sourceTree = "<group>"; };
		0C1AD6B21993E95D00E9BCE5 /* TNResizableTextView.m */ = {isa = PBXFileReference; fileEncoding = 4; lastKnownFileType = sourcecode.c.objc; path = TNResizableTextView.m; sourceTree = "<group>"; };
		0C1AD6B4199400E300E9BCE5 /* Security.framework */ = {isa = PBXFileReference; lastKnownFileType = wrapper.framework; name = Security.framework; path = System/Library/Frameworks/Security.framework; sourceTree = SDKROOT; };
		0C1AD6B81994010400E9BCE5 /* en */ = {isa = PBXFileReference; lastKnownFileType = text.plist.strings; name = en; path = en.lproj/SSKeychain.strings; sourceTree = "<group>"; };
		0C1AD6B91994010400E9BCE5 /* SSKeychain.h */ = {isa = PBXFileReference; fileEncoding = 4; lastKnownFileType = sourcecode.c.h; path = SSKeychain.h; sourceTree = "<group>"; };
		0C1AD6BA1994010400E9BCE5 /* SSKeychain.m */ = {isa = PBXFileReference; fileEncoding = 4; lastKnownFileType = sourcecode.c.objc; path = SSKeychain.m; sourceTree = "<group>"; };
		0C1AD6BB1994010400E9BCE5 /* SSKeychainQuery.h */ = {isa = PBXFileReference; fileEncoding = 4; lastKnownFileType = sourcecode.c.h; path = SSKeychainQuery.h; sourceTree = "<group>"; };
		0C1AD6BC1994010400E9BCE5 /* SSKeychainQuery.m */ = {isa = PBXFileReference; fileEncoding = 4; lastKnownFileType = sourcecode.c.objc; path = SSKeychainQuery.m; sourceTree = "<group>"; };
		0C1AD7201994161B00E9BCE5 /* TagsViewController.h */ = {isa = PBXFileReference; fileEncoding = 4; lastKnownFileType = sourcecode.c.h; path = TagsViewController.h; sourceTree = "<group>"; };
		0C1AD7211994161B00E9BCE5 /* TagsViewController.m */ = {isa = PBXFileReference; fileEncoding = 4; lastKnownFileType = sourcecode.c.objc; path = TagsViewController.m; sourceTree = "<group>"; };
		0C35FC1F19ABB3BD00D8ABD8 /* persona@2x.png */ = {isa = PBXFileReference; lastKnownFileType = image.png; path = "persona@2x.png"; sourceTree = "<group>"; };
		0C35FC2119ABB5E200D8ABD8 /* fr */ = {isa = PBXFileReference; lastKnownFileType = text.plist.strings; name = fr; path = fr.lproj/Main.strings; sourceTree = "<group>"; };
		0C4B6FBD1999151A00B80AD6 /* HomeTableViewController.h */ = {isa = PBXFileReference; fileEncoding = 4; lastKnownFileType = sourcecode.c.h; path = HomeTableViewController.h; sourceTree = "<group>"; };
		0C4B6FBE1999151A00B80AD6 /* HomeTableViewController.m */ = {isa = PBXFileReference; fileEncoding = 4; lastKnownFileType = sourcecode.c.objc; path = HomeTableViewController.m; sourceTree = "<group>"; };
		0C4B6FC01999170F00B80AD6 /* 0catIcon@2x.png */ = {isa = PBXFileReference; lastKnownFileType = image.png; path = "0catIcon@2x.png"; sourceTree = "<group>"; };
		0C4B6FC11999170F00B80AD6 /* 1catIcon@2x.png */ = {isa = PBXFileReference; lastKnownFileType = image.png; path = "1catIcon@2x.png"; sourceTree = "<group>"; };
		0C4B6FC21999170F00B80AD6 /* 3catIcon@2x.png */ = {isa = PBXFileReference; lastKnownFileType = image.png; path = "3catIcon@2x.png"; sourceTree = "<group>"; };
		0C4B6FC31999170F00B80AD6 /* 2catIcon@2x.png */ = {isa = PBXFileReference; lastKnownFileType = image.png; path = "2catIcon@2x.png"; sourceTree = "<group>"; };
		0C4B6FC41999170F00B80AD6 /* 4catIcon@2x.png */ = {isa = PBXFileReference; lastKnownFileType = image.png; path = "4catIcon@2x.png"; sourceTree = "<group>"; };
		0C4B6FCA1999195A00B80AD6 /* TypeCell.h */ = {isa = PBXFileReference; fileEncoding = 4; lastKnownFileType = sourcecode.c.h; path = TypeCell.h; sourceTree = "<group>"; };
		0C4B6FCB1999195A00B80AD6 /* TypeCell.m */ = {isa = PBXFileReference; fileEncoding = 4; lastKnownFileType = sourcecode.c.objc; path = TypeCell.m; sourceTree = "<group>"; };
		0C4B6FCD19991C6400B80AD6 /* OpenSans-Bold.ttf */ = {isa = PBXFileReference; lastKnownFileType = file; name = "OpenSans-Bold.ttf"; path = "UGO Montreal/OpenSans-Bold.ttf"; sourceTree = "<group>"; };
		0C4B6FCE19991DD200B80AD6 /* navLogo@2x.png */ = {isa = PBXFileReference; lastKnownFileType = image.png; path = "navLogo@2x.png"; sourceTree = "<group>"; };
		0C4B6FD019991E7100B80AD6 /* hamburger@2x.png */ = {isa = PBXFileReference; lastKnownFileType = image.png; path = "hamburger@2x.png"; sourceTree = "<group>"; };
		0C65A89919A7BEFE004AAC9E /* favourite-full@2x.png */ = {isa = PBXFileReference; lastKnownFileType = image.png; path = "favourite-full@2x.png"; sourceTree = "<group>"; };
		0C65A89B19A7CB6C004AAC9E /* FirstSegue.h */ = {isa = PBXFileReference; fileEncoding = 4; lastKnownFileType = sourcecode.c.h; path = FirstSegue.h; sourceTree = "<group>"; };
		0C65A89C19A7CB6C004AAC9E /* FirstSegue.m */ = {isa = PBXFileReference; fileEncoding = 4; lastKnownFileType = sourcecode.c.objc; path = FirstSegue.m; sourceTree = "<group>"; };
		0C65A89F19A7CCDA004AAC9E /* NGAParallaxMotion.h */ = {isa = PBXFileReference; fileEncoding = 4; lastKnownFileType = sourcecode.c.h; path = NGAParallaxMotion.h; sourceTree = "<group>"; };
		0C65A8A019A7CCDA004AAC9E /* NGAParallaxMotion.m */ = {isa = PBXFileReference; fileEncoding = 4; lastKnownFileType = sourcecode.c.objc; path = NGAParallaxMotion.m; sourceTree = "<group>"; };
		0C730FDA199252B9001E4A04 /* fav-button@2x.png */ = {isa = PBXFileReference; lastKnownFileType = image.png; path = "fav-button@2x.png"; sourceTree = "<group>"; };
		0C730FDC199252EC001E4A04 /* info-button@2x.png */ = {isa = PBXFileReference; lastKnownFileType = image.png; path = "info-button@2x.png"; sourceTree = "<group>"; };
		0C730FDE19926496001E4A04 /* DetailsViewController.h */ = {isa = PBXFileReference; fileEncoding = 4; lastKnownFileType = sourcecode.c.h; path = DetailsViewController.h; sourceTree = "<group>"; };
		0C730FDF19926496001E4A04 /* DetailsViewController.m */ = {isa = PBXFileReference; fileEncoding = 4; lastKnownFileType = sourcecode.c.objc; path = DetailsViewController.m; sourceTree = "<group>"; };
		0C8136CE19AE383F007A01F8 /* sidebar-about@2x.png */ = {isa = PBXFileReference; lastKnownFileType = image.png; path = "sidebar-about@2x.png"; sourceTree = "<group>"; };
		0C8136CF19AE383F007A01F8 /* sidebar-fav@2x.png */ = {isa = PBXFileReference; lastKnownFileType = image.png; path = "sidebar-fav@2x.png"; sourceTree = "<group>"; };
		0C8136D019AE383F007A01F8 /* sidebar-lang@2x.png */ = {isa = PBXFileReference; lastKnownFileType = image.png; path = "sidebar-lang@2x.png"; sourceTree = "<group>"; };
		0C8136D419AE67A0007A01F8 /* AboutViewController.h */ = {isa = PBXFileReference; fileEncoding = 4; lastKnownFileType = sourcecode.c.h; path = AboutViewController.h; sourceTree = "<group>"; };
		0C8136D519AE67A0007A01F8 /* AboutViewController.m */ = {isa = PBXFileReference; fileEncoding = 4; lastKnownFileType = sourcecode.c.objc; path = AboutViewController.m; sourceTree = "<group>"; };
		0C8136D719AE6AB9007A01F8 /* FavouritesViewController.h */ = {isa = PBXFileReference; fileEncoding = 4; lastKnownFileType = sourcecode.c.h; path = FavouritesViewController.h; sourceTree = "<group>"; };
		0C8136D819AE6AB9007A01F8 /* FavouritesViewController.m */ = {isa = PBXFileReference; fileEncoding = 4; lastKnownFileType = sourcecode.c.objc; path = FavouritesViewController.m; sourceTree = "<group>"; };
		0C8136DC19AE74B9007A01F8 /* dery.jpg */ = {isa = PBXFileReference; lastKnownFileType = image.jpeg; path = dery.jpg; sourceTree = "<group>"; };
		0C8136E119AE8EC8007A01F8 /* GAI.h */ = {isa = PBXFileReference; fileEncoding = 4; lastKnownFileType = sourcecode.c.h; path = GAI.h; sourceTree = "<group>"; };
		0C8136E219AE8EC8007A01F8 /* GAIDictionaryBuilder.h */ = {isa = PBXFileReference; fileEncoding = 4; lastKnownFileType = sourcecode.c.h; path = GAIDictionaryBuilder.h; sourceTree = "<group>"; };
		0C8136E319AE8EC8007A01F8 /* GAIEcommerceFields.h */ = {isa = PBXFileReference; fileEncoding = 4; lastKnownFileType = sourcecode.c.h; path = GAIEcommerceFields.h; sourceTree = "<group>"; };
		0C8136E419AE8EC8007A01F8 /* GAIEcommerceProduct.h */ = {isa = PBXFileReference; fileEncoding = 4; lastKnownFileType = sourcecode.c.h; path = GAIEcommerceProduct.h; sourceTree = "<group>"; };
		0C8136E519AE8EC8007A01F8 /* GAIEcommerceProductAction.h */ = {isa = PBXFileReference; fileEncoding = 4; lastKnownFileType = sourcecode.c.h; path = GAIEcommerceProductAction.h; sourceTree = "<group>"; };
		0C8136E619AE8EC8007A01F8 /* GAIEcommercePromotion.h */ = {isa = PBXFileReference; fileEncoding = 4; lastKnownFileType = sourcecode.c.h; path = GAIEcommercePromotion.h; sourceTree = "<group>"; };
		0C8136E719AE8EC8007A01F8 /* GAIFields.h */ = {isa = PBXFileReference; fileEncoding = 4; lastKnownFileType = sourcecode.c.h; path = GAIFields.h; sourceTree = "<group>"; };
		0C8136E819AE8EC8007A01F8 /* GAILogger.h */ = {isa = PBXFileReference; fileEncoding = 4; lastKnownFileType = sourcecode.c.h; path = GAILogger.h; sourceTree = "<group>"; };
		0C8136E919AE8EC8007A01F8 /* GAITrackedViewController.h */ = {isa = PBXFileReference; fileEncoding = 4; lastKnownFileType = sourcecode.c.h; path = GAITrackedViewController.h; sourceTree = "<group>"; };
		0C8136EA19AE8EC8007A01F8 /* GAITracker.h */ = {isa = PBXFileReference; fileEncoding = 4; lastKnownFileType = sourcecode.c.h; path = GAITracker.h; sourceTree = "<group>"; };
		0C8136EB19AE8F10007A01F8 /* CoreData.framework */ = {isa = PBXFileReference; lastKnownFileType = wrapper.framework; name = CoreData.framework; path = System/Library/Frameworks/CoreData.framework; sourceTree = SDKROOT; };
		0C8136ED19AE8F19007A01F8 /* SystemConfiguration.framework */ = {isa = PBXFileReference; lastKnownFileType = wrapper.framework; name = SystemConfiguration.framework; path = System/Library/Frameworks/SystemConfiguration.framework; sourceTree = SDKROOT; };
		0C8136EF19AE8F24007A01F8 /* libz.dylib */ = {isa = PBXFileReference; lastKnownFileType = "compiled.mach-o.dylib"; name = libz.dylib; path = usr/lib/libz.dylib; sourceTree = SDKROOT; };
		0C8136F319AE90F1007A01F8 /* libsqlite3.dylib */ = {isa = PBXFileReference; lastKnownFileType = "compiled.mach-o.dylib"; name = libsqlite3.dylib; path = usr/lib/libsqlite3.dylib; sourceTree = SDKROOT; };
		0CBB626719916112001A06D0 /* UGO MTL.app */ = {isa = PBXFileReference; explicitFileType = wrapper.application; includeInIndex = 0; path = "UGO MTL.app"; sourceTree = BUILT_PRODUCTS_DIR; };
		0CBB626A19916112001A06D0 /* Foundation.framework */ = {isa = PBXFileReference; lastKnownFileType = wrapper.framework; name = Foundation.framework; path = System/Library/Frameworks/Foundation.framework; sourceTree = SDKROOT; };
		0CBB626C19916112001A06D0 /* CoreGraphics.framework */ = {isa = PBXFileReference; lastKnownFileType = wrapper.framework; name = CoreGraphics.framework; path = System/Library/Frameworks/CoreGraphics.framework; sourceTree = SDKROOT; };
		0CBB626E19916112001A06D0 /* UIKit.framework */ = {isa = PBXFileReference; lastKnownFileType = wrapper.framework; name = UIKit.framework; path = System/Library/Frameworks/UIKit.framework; sourceTree = SDKROOT; };
		0CBB627219916112001A06D0 /* UGO MTL-Info.plist */ = {isa = PBXFileReference; lastKnownFileType = text.plist.xml; path = "UGO MTL-Info.plist"; sourceTree = "<group>"; };
		0CBB627419916112001A06D0 /* en */ = {isa = PBXFileReference; lastKnownFileType = text.plist.strings; name = en; path = en.lproj/InfoPlist.strings; sourceTree = "<group>"; };
		0CBB627619916112001A06D0 /* main.m */ = {isa = PBXFileReference; lastKnownFileType = sourcecode.c.objc; path = main.m; sourceTree = "<group>"; };
		0CBB627819916112001A06D0 /* UGO MTL-Prefix.pch */ = {isa = PBXFileReference; lastKnownFileType = sourcecode.c.h; path = "UGO MTL-Prefix.pch"; sourceTree = "<group>"; };
		0CBB627919916112001A06D0 /* AppDelegate.h */ = {isa = PBXFileReference; lastKnownFileType = sourcecode.c.h; path = AppDelegate.h; sourceTree = "<group>"; };
		0CBB627A19916112001A06D0 /* AppDelegate.m */ = {isa = PBXFileReference; lastKnownFileType = sourcecode.c.objc; path = AppDelegate.m; sourceTree = "<group>"; };
		0CBB627D19916112001A06D0 /* Base */ = {isa = PBXFileReference; lastKnownFileType = file.storyboard; name = Base; path = Base.lproj/Main.storyboard; sourceTree = "<group>"; };
		0CBB628219916112001A06D0 /* Images.xcassets */ = {isa = PBXFileReference; lastKnownFileType = folder.assetcatalog; path = Images.xcassets; sourceTree = "<group>"; };
		0CBB628819916112001A06D0 /* UGO MTLTests.xctest */ = {isa = PBXFileReference; explicitFileType = wrapper.cfbundle; includeInIndex = 0; path = "UGO MTLTests.xctest"; sourceTree = BUILT_PRODUCTS_DIR; };
		0CBB628919916112001A06D0 /* XCTest.framework */ = {isa = PBXFileReference; lastKnownFileType = wrapper.framework; name = XCTest.framework; path = Library/Frameworks/XCTest.framework; sourceTree = DEVELOPER_DIR; };
		0CBB629119916112001A06D0 /* UGO MTLTests-Info.plist */ = {isa = PBXFileReference; lastKnownFileType = text.plist.xml; path = "UGO MTLTests-Info.plist"; sourceTree = "<group>"; };
		0CBB629319916112001A06D0 /* en */ = {isa = PBXFileReference; lastKnownFileType = text.plist.strings; name = en; path = en.lproj/InfoPlist.strings; sourceTree = "<group>"; };
		0CBB629519916112001A06D0 /* UGO_MontrealTests.m */ = {isa = PBXFileReference; lastKnownFileType = sourcecode.c.objc; path = UGO_MontrealTests.m; sourceTree = "<group>"; };
		0CBB62A0199161EB001A06D0 /* MDCParallaxView.h */ = {isa = PBXFileReference; fileEncoding = 4; lastKnownFileType = sourcecode.c.h; path = MDCParallaxView.h; sourceTree = "<group>"; };
		0CBB62A1199161EB001A06D0 /* MDCParallaxView.m */ = {isa = PBXFileReference; fileEncoding = 4; lastKnownFileType = sourcecode.c.objc; path = MDCParallaxView.m; sourceTree = "<group>"; };
		0CBB62A31991624C001A06D0 /* KingViewController.h */ = {isa = PBXFileReference; fileEncoding = 4; lastKnownFileType = sourcecode.c.h; name = KingViewController.h; path = ../KingViewController.h; sourceTree = "<group>"; };
		0CBB62A41991624C001A06D0 /* KingViewController.m */ = {isa = PBXFileReference; fileEncoding = 4; lastKnownFileType = sourcecode.c.objc; name = KingViewController.m; path = ../KingViewController.m; sourceTree = "<group>"; };
		0CBB62AA199162AA001A06D0 /* background.png */ = {isa = PBXFileReference; lastKnownFileType = image.png; path = background.png; sourceTree = "<group>"; };
		0CBB62AF199163CC001A06D0 /* QMBParallaxScrollViewController.h */ = {isa = PBXFileReference; fileEncoding = 4; lastKnownFileType = sourcecode.c.h; path = QMBParallaxScrollViewController.h; sourceTree = "<group>"; };
		0CBB62B0199163CC001A06D0 /* QMBParallaxScrollViewController.m */ = {isa = PBXFileReference; fileEncoding = 4; lastKnownFileType = sourcecode.c.objc; path = QMBParallaxScrollViewController.m; sourceTree = "<group>"; };
		0CBB62B1199163CC001A06D0 /* UIViewController+QMBParallaxScrollViewController.h */ = {isa = PBXFileReference; fileEncoding = 4; lastKnownFileType = sourcecode.c.h; path = "UIViewController+QMBParallaxScrollViewController.h"; sourceTree = "<group>"; };
		0CBB62B2199163CC001A06D0 /* UIViewController+QMBParallaxScrollViewController.m */ = {isa = PBXFileReference; fileEncoding = 4; lastKnownFileType = sourcecode.c.objc; path = "UIViewController+QMBParallaxScrollViewController.m"; sourceTree = "<group>"; };
		0CBB62B5199164C2001A06D0 /* ParallaxPhotoViewController.h */ = {isa = PBXFileReference; fileEncoding = 4; lastKnownFileType = sourcecode.c.h; path = ParallaxPhotoViewController.h; sourceTree = "<group>"; };
		0CBB62B6199164C2001A06D0 /* ParallaxPhotoViewController.m */ = {isa = PBXFileReference; fileEncoding = 4; lastKnownFileType = sourcecode.c.objc; path = ParallaxPhotoViewController.m; sourceTree = "<group>"; };
		0CBB62B8199164D2001A06D0 /* SamplePhotoBrowserViewController.h */ = {isa = PBXFileReference; fileEncoding = 4; lastKnownFileType = sourcecode.c.h; path = SamplePhotoBrowserViewController.h; sourceTree = "<group>"; };
		0CBB62B9199164D2001A06D0 /* SamplePhotoBrowserViewController.m */ = {isa = PBXFileReference; fileEncoding = 4; lastKnownFileType = sourcecode.c.objc; path = SamplePhotoBrowserViewController.m; sourceTree = "<group>"; };
		0CBB62BB199164FB001A06D0 /* KIImagePager.h */ = {isa = PBXFileReference; fileEncoding = 4; lastKnownFileType = sourcecode.c.h; path = KIImagePager.h; sourceTree = "<group>"; };
		0CBB62BC199164FB001A06D0 /* KIImagePager.m */ = {isa = PBXFileReference; fileEncoding = 4; lastKnownFileType = sourcecode.c.objc; path = KIImagePager.m; sourceTree = "<group>"; };
		0CBB62BE19916504001A06D0 /* KICamera.png */ = {isa = PBXFileReference; lastKnownFileType = image.png; path = KICamera.png; sourceTree = "<group>"; };
		0CBB62BF19916504001A06D0 /* KICamera@2x.png */ = {isa = PBXFileReference; lastKnownFileType = image.png; path = "KICamera@2x.png"; sourceTree = "<group>"; };
		0CBB62C219916524001A06D0 /* VenueViewController.h */ = {isa = PBXFileReference; fileEncoding = 4; lastKnownFileType = sourcecode.c.h; path = VenueViewController.h; sourceTree = "<group>"; };
		0CBB62C319916524001A06D0 /* VenueViewController.m */ = {isa = PBXFileReference; fileEncoding = 4; lastKnownFileType = sourcecode.c.objc; path = VenueViewController.m; sourceTree = "<group>"; };
		0CBB62C519916C95001A06D0 /* config.h */ = {isa = PBXFileReference; lastKnownFileType = sourcecode.c.h; path = config.h; sourceTree = "<group>"; };
		0CBB62C619916D24001A06D0 /* ugo-back@2x.png */ = {isa = PBXFileReference; lastKnownFileType = image.png; path = "ugo-back@2x.png"; sourceTree = "<group>"; };
		0CBB62C8199173BC001A06D0 /* HomePageViewController.h */ = {isa = PBXFileReference; fileEncoding = 4; lastKnownFileType = sourcecode.c.h; path = HomePageViewController.h; sourceTree = "<group>"; };
		0CBB62C9199173BC001A06D0 /* HomePageViewController.m */ = {isa = PBXFileReference; fileEncoding = 4; lastKnownFileType = sourcecode.c.objc; path = HomePageViewController.m; sourceTree = "<group>"; };
		0CBB62CB199173CC001A06D0 /* SubCategoriesViewController.h */ = {isa = PBXFileReference; fileEncoding = 4; lastKnownFileType = sourcecode.c.h; path = SubCategoriesViewController.h; sourceTree = "<group>"; };
		0CBB62CC199173CC001A06D0 /* SubCategoriesViewController.m */ = {isa = PBXFileReference; fileEncoding = 4; lastKnownFileType = sourcecode.c.objc; path = SubCategoriesViewController.m; sourceTree = "<group>"; };
		0CBB62CF199173F5001A06D0 /* AFHTTPRequestOperation.h */ = {isa = PBXFileReference; fileEncoding = 4; lastKnownFileType = sourcecode.c.h; path = AFHTTPRequestOperation.h; sourceTree = "<group>"; };
		0CBB62D0199173F5001A06D0 /* AFHTTPRequestOperation.m */ = {isa = PBXFileReference; fileEncoding = 4; lastKnownFileType = sourcecode.c.objc; path = AFHTTPRequestOperation.m; sourceTree = "<group>"; };
		0CBB62D1199173F5001A06D0 /* AFHTTPRequestOperationManager.h */ = {isa = PBXFileReference; fileEncoding = 4; lastKnownFileType = sourcecode.c.h; path = AFHTTPRequestOperationManager.h; sourceTree = "<group>"; };
		0CBB62D2199173F5001A06D0 /* AFHTTPRequestOperationManager.m */ = {isa = PBXFileReference; fileEncoding = 4; lastKnownFileType = sourcecode.c.objc; path = AFHTTPRequestOperationManager.m; sourceTree = "<group>"; };
		0CBB62D3199173F5001A06D0 /* AFHTTPSessionManager.h */ = {isa = PBXFileReference; fileEncoding = 4; lastKnownFileType = sourcecode.c.h; path = AFHTTPSessionManager.h; sourceTree = "<group>"; };
		0CBB62D4199173F5001A06D0 /* AFHTTPSessionManager.m */ = {isa = PBXFileReference; fileEncoding = 4; lastKnownFileType = sourcecode.c.objc; path = AFHTTPSessionManager.m; sourceTree = "<group>"; };
		0CBB62D5199173F5001A06D0 /* AFNetworking.h */ = {isa = PBXFileReference; fileEncoding = 4; lastKnownFileType = sourcecode.c.h; path = AFNetworking.h; sourceTree = "<group>"; };
		0CBB62D6199173F5001A06D0 /* AFNetworkReachabilityManager.h */ = {isa = PBXFileReference; fileEncoding = 4; lastKnownFileType = sourcecode.c.h; path = AFNetworkReachabilityManager.h; sourceTree = "<group>"; };
		0CBB62D7199173F5001A06D0 /* AFNetworkReachabilityManager.m */ = {isa = PBXFileReference; fileEncoding = 4; lastKnownFileType = sourcecode.c.objc; path = AFNetworkReachabilityManager.m; sourceTree = "<group>"; };
		0CBB62D8199173F5001A06D0 /* AFSecurityPolicy.h */ = {isa = PBXFileReference; fileEncoding = 4; lastKnownFileType = sourcecode.c.h; path = AFSecurityPolicy.h; sourceTree = "<group>"; };
		0CBB62D9199173F5001A06D0 /* AFSecurityPolicy.m */ = {isa = PBXFileReference; fileEncoding = 4; lastKnownFileType = sourcecode.c.objc; path = AFSecurityPolicy.m; sourceTree = "<group>"; };
		0CBB62DA199173F5001A06D0 /* AFURLConnectionOperation.h */ = {isa = PBXFileReference; fileEncoding = 4; lastKnownFileType = sourcecode.c.h; path = AFURLConnectionOperation.h; sourceTree = "<group>"; };
		0CBB62DB199173F5001A06D0 /* AFURLConnectionOperation.m */ = {isa = PBXFileReference; fileEncoding = 4; lastKnownFileType = sourcecode.c.objc; path = AFURLConnectionOperation.m; sourceTree = "<group>"; };
		0CBB62DC199173F5001A06D0 /* AFURLRequestSerialization.h */ = {isa = PBXFileReference; fileEncoding = 4; lastKnownFileType = sourcecode.c.h; path = AFURLRequestSerialization.h; sourceTree = "<group>"; };
		0CBB62DD199173F5001A06D0 /* AFURLRequestSerialization.m */ = {isa = PBXFileReference; fileEncoding = 4; lastKnownFileType = sourcecode.c.objc; path = AFURLRequestSerialization.m; sourceTree = "<group>"; };
		0CBB62DE199173F5001A06D0 /* AFURLResponseSerialization.h */ = {isa = PBXFileReference; fileEncoding = 4; lastKnownFileType = sourcecode.c.h; path = AFURLResponseSerialization.h; sourceTree = "<group>"; };
		0CBB62DF199173F5001A06D0 /* AFURLResponseSerialization.m */ = {isa = PBXFileReference; fileEncoding = 4; lastKnownFileType = sourcecode.c.objc; path = AFURLResponseSerialization.m; sourceTree = "<group>"; };
		0CBB62E0199173F5001A06D0 /* AFURLSessionManager.h */ = {isa = PBXFileReference; fileEncoding = 4; lastKnownFileType = sourcecode.c.h; path = AFURLSessionManager.h; sourceTree = "<group>"; };
		0CBB62E1199173F5001A06D0 /* AFURLSessionManager.m */ = {isa = PBXFileReference; fileEncoding = 4; lastKnownFileType = sourcecode.c.objc; path = AFURLSessionManager.m; sourceTree = "<group>"; };
		0CD376CB19AF6F7B00D84B89 /* animation@2x.gif */ = {isa = PBXFileReference; lastKnownFileType = image.gif; path = "animation@2x.gif"; sourceTree = "<group>"; };
		0CD376CD19AF6FAB00D84B89 /* libGoogleAnalyticsServices.a */ = {isa = PBXFileReference; lastKnownFileType = archive.ar; name = libGoogleAnalyticsServices.a; path = ../../../Documents/GoogleAnalyticsServicesiOS_3.09/libGoogleAnalyticsServices.a; sourceTree = "<group>"; };
		0CD376CF19AF70B000D84B89 /* full@2x.png */ = {isa = PBXFileReference; lastKnownFileType = image.png; path = "full@2x.png"; sourceTree = "<group>"; };
		0CDDC32C199515DB0072CC82 /* call_info@2x.png */ = {isa = PBXFileReference; lastKnownFileType = image.png; path = "call_info@2x.png"; sourceTree = "<group>"; };
		0CDDC32D199515DB0072CC82 /* fav_info@2x.png */ = {isa = PBXFileReference; lastKnownFileType = image.png; path = "fav_info@2x.png"; sourceTree = "<group>"; };
		0CDDC32E199515DB0072CC82 /* fb_info@2x.png */ = {isa = PBXFileReference; lastKnownFileType = image.png; path = "fb_info@2x.png"; sourceTree = "<group>"; };
		0CDDC32F199515DB0072CC82 /* map_info@2x.png */ = {isa = PBXFileReference; lastKnownFileType = image.png; path = "map_info@2x.png"; sourceTree = "<group>"; };
		0CDDC33419951C410072CC82 /* DemoMenuController.h */ = {isa = PBXFileReference; fileEncoding = 4; lastKnownFileType = sourcecode.c.h; path = DemoMenuController.h; sourceTree = "<group>"; };
		0CDDC33519951C410072CC82 /* DemoMenuController.m */ = {isa = PBXFileReference; fileEncoding = 4; lastKnownFileType = sourcecode.c.objc; path = DemoMenuController.m; sourceTree = "<group>"; };
		0CDDC33719951C500072CC82 /* PaperFoldMenuControllerDelegate.h */ = {isa = PBXFileReference; fileEncoding = 4; lastKnownFileType = sourcecode.c.h; path = PaperFoldMenuControllerDelegate.h; sourceTree = "<group>"; };
		0CDDC33819951C500072CC82 /* cellBg@2x.png */ = {isa = PBXFileReference; lastKnownFileType = image.png; path = "cellBg@2x.png"; sourceTree = "<group>"; };
		0CDDC33919951C500072CC82 /* cellBgSelected@2x.png */ = {isa = PBXFileReference; lastKnownFileType = image.png; path = "cellBgSelected@2x.png"; sourceTree = "<group>"; };
		0CDDC33A19951C500072CC82 /* PaperFoldMenuController.h */ = {isa = PBXFileReference; fileEncoding = 4; lastKnownFileType = sourcecode.c.h; path = PaperFoldMenuController.h; sourceTree = "<group>"; };
		0CDDC33B19951C500072CC82 /* PaperFoldMenuController.m */ = {isa = PBXFileReference; fileEncoding = 4; lastKnownFileType = sourcecode.c.objc; path = PaperFoldMenuController.m; sourceTree = "<group>"; };
		0CDDC34019951D370072CC82 /* FacingView.h */ = {isa = PBXFileReference; fileEncoding = 4; lastKnownFileType = sourcecode.c.h; path = FacingView.h; sourceTree = "<group>"; };
		0CDDC34119951D370072CC82 /* FacingView.m */ = {isa = PBXFileReference; fileEncoding = 4; lastKnownFileType = sourcecode.c.objc; path = FacingView.m; sourceTree = "<group>"; };
		0CDDC34219951D370072CC82 /* FoldView.h */ = {isa = PBXFileReference; fileEncoding = 4; lastKnownFileType = sourcecode.c.h; path = FoldView.h; sourceTree = "<group>"; };
		0CDDC34319951D370072CC82 /* FoldView.m */ = {isa = PBXFileReference; fileEncoding = 4; lastKnownFileType = sourcecode.c.objc; path = FoldView.m; sourceTree = "<group>"; };
		0CDDC34419951D370072CC82 /* MultiFoldView.h */ = {isa = PBXFileReference; fileEncoding = 4; lastKnownFileType = sourcecode.c.h; path = MultiFoldView.h; sourceTree = "<group>"; };
		0CDDC34519951D370072CC82 /* MultiFoldView.m */ = {isa = PBXFileReference; fileEncoding = 4; lastKnownFileType = sourcecode.c.objc; path = MultiFoldView.m; sourceTree = "<group>"; };
		0CDDC34619951D370072CC82 /* PaperFoldConstants.h */ = {isa = PBXFileReference; fileEncoding = 4; lastKnownFileType = sourcecode.c.h; path = PaperFoldConstants.h; sourceTree = "<group>"; };
		0CDDC34719951D370072CC82 /* PaperFoldView.h */ = {isa = PBXFileReference; fileEncoding = 4; lastKnownFileType = sourcecode.c.h; path = PaperFoldView.h; sourceTree = "<group>"; };
		0CDDC34819951D370072CC82 /* PaperFoldView.m */ = {isa = PBXFileReference; fileEncoding = 4; lastKnownFileType = sourcecode.c.objc; path = PaperFoldView.m; sourceTree = "<group>"; };
		0CDDC34919951D370072CC82 /* ShadowView.h */ = {isa = PBXFileReference; fileEncoding = 4; lastKnownFileType = sourcecode.c.h; path = ShadowView.h; sourceTree = "<group>"; };
		0CDDC34A19951D370072CC82 /* ShadowView.m */ = {isa = PBXFileReference; fileEncoding = 4; lastKnownFileType = sourcecode.c.objc; path = ShadowView.m; sourceTree = "<group>"; };
		0CDDC34B19951D370072CC82 /* UIView+Screenshot.h */ = {isa = PBXFileReference; fileEncoding = 4; lastKnownFileType = sourcecode.c.h; path = "UIView+Screenshot.h"; sourceTree = "<group>"; };
		0CDDC34C19951D370072CC82 /* UIView+Screenshot.m */ = {isa = PBXFileReference; fileEncoding = 4; lastKnownFileType = sourcecode.c.objc; path = "UIView+Screenshot.m"; sourceTree = "<group>"; };
		0CDDC353199520CD0072CC82 /* Icon@2x.png */ = {isa = PBXFileReference; lastKnownFileType = image.png; path = "Icon@2x.png"; sourceTree = "<group>"; };
		0CDDC355199520E60072CC82 /* LaunchImage@2x.png */ = {isa = PBXFileReference; lastKnownFileType = image.png; path = "LaunchImage@2x.png"; sourceTree = "<group>"; };
		0CE36DE719A79F9700AD093D /* Animations.h */ = {isa = PBXFileReference; fileEncoding = 4; lastKnownFileType = sourcecode.c.h; path = Animations.h; sourceTree = "<group>"; };
		0CE36DE819A79F9700AD093D /* Animations.m */ = {isa = PBXFileReference; fileEncoding = 4; lastKnownFileType = sourcecode.c.objc; path = Animations.m; sourceTree = "<group>"; };
		0CE36DEC19A7A1BF00AD093D /* fav-btn@2x.png */ = {isa = PBXFileReference; lastKnownFileType = image.png; path = "fav-btn@2x.png"; sourceTree = "<group>"; };
		0CE3745919AE96CB004F29EA /* UIImage+animatedGIF.h */ = {isa = PBXFileReference; fileEncoding = 4; lastKnownFileType = sourcecode.c.h; path = "UIImage+animatedGIF.h"; sourceTree = "<group>"; };
		0CE3745A19AE96CB004F29EA /* UIImage+animatedGIF.m */ = {isa = PBXFileReference; fileEncoding = 4; lastKnownFileType = sourcecode.c.objc; path = "UIImage+animatedGIF.m"; sourceTree = "<group>"; };
		0CEA413F19AFA2730074E996 /* ParentTableViewCell.h */ = {isa = PBXFileReference; fileEncoding = 4; lastKnownFileType = sourcecode.c.h; path = ParentTableViewCell.h; sourceTree = "<group>"; };
		0CEA414019AFA2730074E996 /* ParentTableViewCell.m */ = {isa = PBXFileReference; fileEncoding = 4; lastKnownFileType = sourcecode.c.objc; path = ParentTableViewCell.m; sourceTree = "<group>"; };
		0CEA414119AFA2730074E996 /* ParentTableView.h */ = {isa = PBXFileReference; fileEncoding = 4; lastKnownFileType = sourcecode.c.h; path = ParentTableView.h; sourceTree = "<group>"; };
		0CEA414219AFA2730074E996 /* ParentTableView.m */ = {isa = PBXFileReference; fileEncoding = 4; lastKnownFileType = sourcecode.c.objc; path = ParentTableView.m; sourceTree = "<group>"; };
		0CEA414519AFA2730074E996 /* SubTableViewCell.h */ = {isa = PBXFileReference; fileEncoding = 4; lastKnownFileType = sourcecode.c.h; path = SubTableViewCell.h; sourceTree = "<group>"; };
		0CEA414619AFA2730074E996 /* SubTableViewCell.m */ = {isa = PBXFileReference; fileEncoding = 4; lastKnownFileType = sourcecode.c.objc; path = SubTableViewCell.m; sourceTree = "<group>"; };
		0CEA414719AFA2730074E996 /* ExpandedContainer.h */ = {isa = PBXFileReference; fileEncoding = 4; lastKnownFileType = sourcecode.c.h; path = ExpandedContainer.h; sourceTree = "<group>"; };
		0CEA414819AFA2730074E996 /* ExpandedContainer.m */ = {isa = PBXFileReference; fileEncoding = 4; lastKnownFileType = sourcecode.c.objc; path = ExpandedContainer.m; sourceTree = "<group>"; };
		0CEA414919AFA2730074E996 /* SubTableView.h */ = {isa = PBXFileReference; fileEncoding = 4; lastKnownFileType = sourcecode.c.h; path = SubTableView.h; sourceTree = "<group>"; };
		0CEA414A19AFA2730074E996 /* SubTableView.m */ = {isa = PBXFileReference; fileEncoding = 4; lastKnownFileType = sourcecode.c.objc; path = SubTableView.m; sourceTree = "<group>"; };
		0CEA415019AFA8560074E996 /* fav-bg-0@2x.png */ = {isa = PBXFileReference; lastKnownFileType = image.png; path = "fav-bg-0@2x.png"; sourceTree = "<group>"; };
		0CEA415719AFAA1B0074E996 /* fr */ = {isa = PBXFileReference; lastKnownFileType = text.plist.strings; name = fr; path = fr.lproj/Localization.strings; sourceTree = "<group>"; };
		0CEA415919AFAA270074E996 /* en */ = {isa = PBXFileReference; lastKnownFileType = text.plist.strings; name = en; path = en.lproj/Localization.strings; sourceTree = "<group>"; };
		0CF022851991B489008EDCBD /* Persona.h */ = {isa = PBXFileReference; fileEncoding = 4; lastKnownFileType = sourcecode.c.h; path = Persona.h; sourceTree = "<group>"; };
		0CF022861991B489008EDCBD /* Persona.m */ = {isa = PBXFileReference; fileEncoding = 4; lastKnownFileType = sourcecode.c.objc; path = Persona.m; sourceTree = "<group>"; };
		0CF022871991B489008EDCBD /* Venue.h */ = {isa = PBXFileReference; fileEncoding = 4; lastKnownFileType = sourcecode.c.h; path = Venue.h; sourceTree = "<group>"; };
		0CF022881991B489008EDCBD /* Venue.m */ = {isa = PBXFileReference; fileEncoding = 4; lastKnownFileType = sourcecode.c.objc; path = Venue.m; sourceTree = "<group>"; };
		0CF0228C1991B869008EDCBD /* PersonaCard.h */ = {isa = PBXFileReference; fileEncoding = 4; lastKnownFileType = sourcecode.c.h; path = PersonaCard.h; sourceTree = "<group>"; };
		0CF0228D1991B869008EDCBD /* PersonaCard.m */ = {isa = PBXFileReference; fileEncoding = 4; lastKnownFileType = sourcecode.c.objc; path = PersonaCard.m; sourceTree = "<group>"; };
		0CF0228F1991B8FE008EDCBD /* QuartzCore.framework */ = {isa = PBXFileReference; lastKnownFileType = wrapper.framework; name = QuartzCore.framework; path = System/Library/Frameworks/QuartzCore.framework; sourceTree = SDKROOT; };
		0CF022911991C272008EDCBD /* defines.h */ = {isa = PBXFileReference; lastKnownFileType = sourcecode.c.h; path = defines.h; sourceTree = "<group>"; };
		0CF022921991C3DB008EDCBD /* OpenSans-Bold.ttf */ = {isa = PBXFileReference; lastKnownFileType = file; path = "OpenSans-Bold.ttf"; sourceTree = "<group>"; };
		0CF022931991C3DB008EDCBD /* OpenSans-Light.ttf */ = {isa = PBXFileReference; lastKnownFileType = file; path = "OpenSans-Light.ttf"; sourceTree = "<group>"; };
		0CF022941991C3DB008EDCBD /* OpenSans-Semibold.ttf */ = {isa = PBXFileReference; lastKnownFileType = file; path = "OpenSans-Semibold.ttf"; sourceTree = "<group>"; };
		0CF022981991C45A008EDCBD /* OpenSans-Regular.ttf */ = {isa = PBXFileReference; lastKnownFileType = file; path = "OpenSans-Regular.ttf"; sourceTree = "<group>"; };
		0CF022991991C5AB008EDCBD /* forward-arrow@2x.png */ = {isa = PBXFileReference; lastKnownFileType = image.png; path = "forward-arrow@2x.png"; sourceTree = "<group>"; };
		0CF0229C1991C768008EDCBD /* MKAnnotationView+WebCache.h */ = {isa = PBXFileReference; fileEncoding = 4; lastKnownFileType = sourcecode.c.h; path = "MKAnnotationView+WebCache.h"; sourceTree = "<group>"; };
		0CF0229D1991C768008EDCBD /* MKAnnotationView+WebCache.m */ = {isa = PBXFileReference; fileEncoding = 4; lastKnownFileType = sourcecode.c.objc; path = "MKAnnotationView+WebCache.m"; sourceTree = "<group>"; };
		0CF0229E1991C768008EDCBD /* NSData+ImageContentType.h */ = {isa = PBXFileReference; fileEncoding = 4; lastKnownFileType = sourcecode.c.h; path = "NSData+ImageContentType.h"; sourceTree = "<group>"; };
		0CF0229F1991C768008EDCBD /* NSData+ImageContentType.m */ = {isa = PBXFileReference; fileEncoding = 4; lastKnownFileType = sourcecode.c.objc; path = "NSData+ImageContentType.m"; sourceTree = "<group>"; };
		0CF022A01991C768008EDCBD /* SDImageCache.h */ = {isa = PBXFileReference; fileEncoding = 4; lastKnownFileType = sourcecode.c.h; path = SDImageCache.h; sourceTree = "<group>"; };
		0CF022A11991C768008EDCBD /* SDImageCache.m */ = {isa = PBXFileReference; fileEncoding = 4; lastKnownFileType = sourcecode.c.objc; path = SDImageCache.m; sourceTree = "<group>"; };
		0CF022A21991C768008EDCBD /* SDWebImageCompat.h */ = {isa = PBXFileReference; fileEncoding = 4; lastKnownFileType = sourcecode.c.h; path = SDWebImageCompat.h; sourceTree = "<group>"; };
		0CF022A31991C768008EDCBD /* SDWebImageCompat.m */ = {isa = PBXFileReference; fileEncoding = 4; lastKnownFileType = sourcecode.c.objc; path = SDWebImageCompat.m; sourceTree = "<group>"; };
		0CF022A41991C768008EDCBD /* SDWebImageDecoder.h */ = {isa = PBXFileReference; fileEncoding = 4; lastKnownFileType = sourcecode.c.h; path = SDWebImageDecoder.h; sourceTree = "<group>"; };
		0CF022A51991C768008EDCBD /* SDWebImageDecoder.m */ = {isa = PBXFileReference; fileEncoding = 4; lastKnownFileType = sourcecode.c.objc; path = SDWebImageDecoder.m; sourceTree = "<group>"; };
		0CF022A61991C768008EDCBD /* SDWebImageDownloader.h */ = {isa = PBXFileReference; fileEncoding = 4; lastKnownFileType = sourcecode.c.h; path = SDWebImageDownloader.h; sourceTree = "<group>"; };
		0CF022A71991C768008EDCBD /* SDWebImageDownloader.m */ = {isa = PBXFileReference; fileEncoding = 4; lastKnownFileType = sourcecode.c.objc; path = SDWebImageDownloader.m; sourceTree = "<group>"; };
		0CF022A81991C768008EDCBD /* SDWebImageDownloaderOperation.h */ = {isa = PBXFileReference; fileEncoding = 4; lastKnownFileType = sourcecode.c.h; path = SDWebImageDownloaderOperation.h; sourceTree = "<group>"; };
		0CF022A91991C768008EDCBD /* SDWebImageDownloaderOperation.m */ = {isa = PBXFileReference; fileEncoding = 4; lastKnownFileType = sourcecode.c.objc; path = SDWebImageDownloaderOperation.m; sourceTree = "<group>"; };
		0CF022AA1991C768008EDCBD /* SDWebImageManager.h */ = {isa = PBXFileReference; fileEncoding = 4; lastKnownFileType = sourcecode.c.h; path = SDWebImageManager.h; sourceTree = "<group>"; };
		0CF022AB1991C768008EDCBD /* SDWebImageManager.m */ = {isa = PBXFileReference; fileEncoding = 4; lastKnownFileType = sourcecode.c.objc; path = SDWebImageManager.m; sourceTree = "<group>"; };
		0CF022AC1991C768008EDCBD /* SDWebImageOperation.h */ = {isa = PBXFileReference; fileEncoding = 4; lastKnownFileType = sourcecode.c.h; path = SDWebImageOperation.h; sourceTree = "<group>"; };
		0CF022AD1991C768008EDCBD /* SDWebImagePrefetcher.h */ = {isa = PBXFileReference; fileEncoding = 4; lastKnownFileType = sourcecode.c.h; path = SDWebImagePrefetcher.h; sourceTree = "<group>"; };
		0CF022AE1991C768008EDCBD /* SDWebImagePrefetcher.m */ = {isa = PBXFileReference; fileEncoding = 4; lastKnownFileType = sourcecode.c.objc; path = SDWebImagePrefetcher.m; sourceTree = "<group>"; };
		0CF022AF1991C768008EDCBD /* UIButton+WebCache.h */ = {isa = PBXFileReference; fileEncoding = 4; lastKnownFileType = sourcecode.c.h; path = "UIButton+WebCache.h"; sourceTree = "<group>"; };
		0CF022B01991C768008EDCBD /* UIButton+WebCache.m */ = {isa = PBXFileReference; fileEncoding = 4; lastKnownFileType = sourcecode.c.objc; path = "UIButton+WebCache.m"; sourceTree = "<group>"; };
		0CF022B11991C768008EDCBD /* UIImage+GIF.h */ = {isa = PBXFileReference; fileEncoding = 4; lastKnownFileType = sourcecode.c.h; path = "UIImage+GIF.h"; sourceTree = "<group>"; };
		0CF022B21991C768008EDCBD /* UIImage+GIF.m */ = {isa = PBXFileReference; fileEncoding = 4; lastKnownFileType = sourcecode.c.objc; path = "UIImage+GIF.m"; sourceTree = "<group>"; };
		0CF022B31991C768008EDCBD /* UIImage+MultiFormat.h */ = {isa = PBXFileReference; fileEncoding = 4; lastKnownFileType = sourcecode.c.h; path = "UIImage+MultiFormat.h"; sourceTree = "<group>"; };
		0CF022B41991C768008EDCBD /* UIImage+MultiFormat.m */ = {isa = PBXFileReference; fileEncoding = 4; lastKnownFileType = sourcecode.c.objc; path = "UIImage+MultiFormat.m"; sourceTree = "<group>"; };
		0CF022B51991C768008EDCBD /* UIImage+WebP.h */ = {isa = PBXFileReference; fileEncoding = 4; lastKnownFileType = sourcecode.c.h; path = "UIImage+WebP.h"; sourceTree = "<group>"; };
		0CF022B61991C768008EDCBD /* UIImage+WebP.m */ = {isa = PBXFileReference; fileEncoding = 4; lastKnownFileType = sourcecode.c.objc; path = "UIImage+WebP.m"; sourceTree = "<group>"; };
		0CF022B71991C768008EDCBD /* UIImageView+HighlightedWebCache.h */ = {isa = PBXFileReference; fileEncoding = 4; lastKnownFileType = sourcecode.c.h; path = "UIImageView+HighlightedWebCache.h"; sourceTree = "<group>"; };
		0CF022B81991C768008EDCBD /* UIImageView+HighlightedWebCache.m */ = {isa = PBXFileReference; fileEncoding = 4; lastKnownFileType = sourcecode.c.objc; path = "UIImageView+HighlightedWebCache.m"; sourceTree = "<group>"; };
		0CF022B91991C768008EDCBD /* UIImageView+WebCache.h */ = {isa = PBXFileReference; fileEncoding = 4; lastKnownFileType = sourcecode.c.h; path = "UIImageView+WebCache.h"; sourceTree = "<group>"; };
		0CF022BA1991C768008EDCBD /* UIImageView+WebCache.m */ = {isa = PBXFileReference; fileEncoding = 4; lastKnownFileType = sourcecode.c.objc; path = "UIImageView+WebCache.m"; sourceTree = "<group>"; };
		0CF022BB1991C768008EDCBD /* UIView+WebCacheOperation.h */ = {isa = PBXFileReference; fileEncoding = 4; lastKnownFileType = sourcecode.c.h; path = "UIView+WebCacheOperation.h"; sourceTree = "<group>"; };
		0CF022BC1991C768008EDCBD /* UIView+WebCacheOperation.m */ = {isa = PBXFileReference; fileEncoding = 4; lastKnownFileType = sourcecode.c.objc; path = "UIView+WebCacheOperation.m"; sourceTree = "<group>"; };
		0CF022CD1991C8FE008EDCBD /* placeholder.png */ = {isa = PBXFileReference; lastKnownFileType = image.png; path = placeholder.png; sourceTree = "<group>"; };
		0CF022CE1991C8FE008EDCBD /* placeholder@2x.png */ = {isa = PBXFileReference; lastKnownFileType = image.png; path = "placeholder@2x.png"; sourceTree = "<group>"; };
		0DC48D4D175941BD8356429B /* Pods.xcconfig */ = {isa = PBXFileReference; includeInIndex = 1; lastKnownFileType = text.xcconfig; name = Pods.xcconfig; path = Pods/Pods.xcconfig; sourceTree = "<group>"; };
		9442C82C488B44BF9A861C32 /* libPods.a */ = {isa = PBXFileReference; explicitFileType = archive.ar; includeInIndex = 0; path = libPods.a; sourceTree = BUILT_PRODUCTS_DIR; };
/* End PBXFileReference section */

/* Begin PBXFrameworksBuildPhase section */
		0CBB626419916112001A06D0 /* Frameworks */ = {
			isa = PBXFrameworksBuildPhase;
			buildActionMask = 2147483647;
			files = (
				0C8136F419AE90F1007A01F8 /* libsqlite3.dylib in Frameworks */,
				0C8136F019AE8F24007A01F8 /* libz.dylib in Frameworks */,
				0C8136EE19AE8F19007A01F8 /* SystemConfiguration.framework in Frameworks */,
				0C8136EC19AE8F10007A01F8 /* CoreData.framework in Frameworks */,
				0C1AD6B5199400E300E9BCE5 /* Security.framework in Frameworks */,
				0CF022901991B8FE008EDCBD /* QuartzCore.framework in Frameworks */,
				0CBB626D19916112001A06D0 /* CoreGraphics.framework in Frameworks */,
				0CBB626F19916112001A06D0 /* UIKit.framework in Frameworks */,
				0CD376CE19AF6FAB00D84B89 /* libGoogleAnalyticsServices.a in Frameworks */,
				0CBB626B19916112001A06D0 /* Foundation.framework in Frameworks */,
				CA5B8A9334DB4EDA85179116 /* libPods.a in Frameworks */,
			);
			runOnlyForDeploymentPostprocessing = 0;
		};
		0CBB628519916112001A06D0 /* Frameworks */ = {
			isa = PBXFrameworksBuildPhase;
			buildActionMask = 2147483647;
			files = (
				0CBB628A19916112001A06D0 /* XCTest.framework in Frameworks */,
				0CBB628C19916112001A06D0 /* UIKit.framework in Frameworks */,
				0CBB628B19916112001A06D0 /* Foundation.framework in Frameworks */,
			);
			runOnlyForDeploymentPostprocessing = 0;
		};
/* End PBXFrameworksBuildPhase section */

/* Begin PBXGroup section */
		0C1AD6B01993E95D00E9BCE5 /* resizableTextView-master */ = {
			isa = PBXGroup;
			children = (
				0C1AD6B11993E95D00E9BCE5 /* TNResizableTextView.h */,
				0C1AD6B21993E95D00E9BCE5 /* TNResizableTextView.m */,
			);
			path = "resizableTextView-master";
			sourceTree = "<group>";
		};
		0C1AD6B61994010400E9BCE5 /* SSKeychain */ = {
			isa = PBXGroup;
			children = (
				0C1AD6B71994010400E9BCE5 /* SSKeychain.strings */,
				0C1AD6B91994010400E9BCE5 /* SSKeychain.h */,
				0C1AD6BA1994010400E9BCE5 /* SSKeychain.m */,
				0C1AD6BB1994010400E9BCE5 /* SSKeychainQuery.h */,
				0C1AD6BC1994010400E9BCE5 /* SSKeychainQuery.m */,
			);
			path = SSKeychain;
			sourceTree = "<group>";
		};
		0C65A89E19A7CCDA004AAC9E /* Classes */ = {
			isa = PBXGroup;
			children = (
				0C65A89F19A7CCDA004AAC9E /* NGAParallaxMotion.h */,
				0C65A8A019A7CCDA004AAC9E /* NGAParallaxMotion.m */,
			);
			path = Classes;
			sourceTree = "<group>";
		};
		0C8136E019AE8EC8007A01F8 /* Analytics */ = {
			isa = PBXGroup;
			children = (
				0C8136E119AE8EC8007A01F8 /* GAI.h */,
				0C8136E219AE8EC8007A01F8 /* GAIDictionaryBuilder.h */,
				0C8136E319AE8EC8007A01F8 /* GAIEcommerceFields.h */,
				0C8136E419AE8EC8007A01F8 /* GAIEcommerceProduct.h */,
				0C8136E519AE8EC8007A01F8 /* GAIEcommerceProductAction.h */,
				0C8136E619AE8EC8007A01F8 /* GAIEcommercePromotion.h */,
				0C8136E719AE8EC8007A01F8 /* GAIFields.h */,
				0C8136E819AE8EC8007A01F8 /* GAILogger.h */,
				0C8136E919AE8EC8007A01F8 /* GAITrackedViewController.h */,
				0C8136EA19AE8EC8007A01F8 /* GAITracker.h */,
			);
			path = Analytics;
			sourceTree = "<group>";
		};
		0CBB625E19916112001A06D0 = {
			isa = PBXGroup;
			children = (
				0C4B6FCD19991C6400B80AD6 /* OpenSans-Bold.ttf */,
				0CBB627019916112001A06D0 /* UGO Montreal */,
				0CBB628F19916112001A06D0 /* UGO MontrealTests */,
				0CBB626919916112001A06D0 /* Frameworks */,
				0CBB626819916112001A06D0 /* Products */,
				0DC48D4D175941BD8356429B /* Pods.xcconfig */,
			);
			sourceTree = "<group>";
		};
		0CBB626819916112001A06D0 /* Products */ = {
			isa = PBXGroup;
			children = (
				0CBB626719916112001A06D0 /* UGO MTL.app */,
				0CBB628819916112001A06D0 /* UGO MTLTests.xctest */,
			);
			name = Products;
			sourceTree = "<group>";
		};
		0CBB626919916112001A06D0 /* Frameworks */ = {
			isa = PBXGroup;
			children = (
				0C8136F319AE90F1007A01F8 /* libsqlite3.dylib */,
				0C8136EF19AE8F24007A01F8 /* libz.dylib */,
				0C8136ED19AE8F19007A01F8 /* SystemConfiguration.framework */,
				0C8136EB19AE8F10007A01F8 /* CoreData.framework */,
				0C1AD6B4199400E300E9BCE5 /* Security.framework */,
				0CF0228F1991B8FE008EDCBD /* QuartzCore.framework */,
				0CBB626A19916112001A06D0 /* Foundation.framework */,
				0CBB626C19916112001A06D0 /* CoreGraphics.framework */,
				0CBB626E19916112001A06D0 /* UIKit.framework */,
				0CBB628919916112001A06D0 /* XCTest.framework */,
				9442C82C488B44BF9A861C32 /* libPods.a */,
			);
			name = Frameworks;
			sourceTree = "<group>";
		};
		0CBB627019916112001A06D0 /* UGO Montreal */ = {
			isa = PBXGroup;
			children = (
				0CE36DE619A79F8800AD093D /* Animations */,
				0CCCE93119A6610100DA782E /* Segues */,
				0CF0228B1991B851008EDCBD /* Views */,
				0CF022841991B42F008EDCBD /* Models */,
				0CF022831991B41C008EDCBD /* Librairies */,
				0CBB62A919916265001A06D0 /* Controllers */,
				0CBB627919916112001A06D0 /* AppDelegate.h */,
				0CBB627A19916112001A06D0 /* AppDelegate.m */,
				0CBB62AC199162AC001A06D0 /* assets */,
				0CBB627C19916112001A06D0 /* Main.storyboard */,
				0CBB628219916112001A06D0 /* Images.xcassets */,
				0CBB62C519916C95001A06D0 /* config.h */,
				0CF022911991C272008EDCBD /* defines.h */,
				0CBB627119916112001A06D0 /* Supporting Files */,
			);
			path = "UGO Montreal";
			sourceTree = "<group>";
		};
		0CBB627119916112001A06D0 /* Supporting Files */ = {
			isa = PBXGroup;
			children = (
				0CBB627219916112001A06D0 /* UGO MTL-Info.plist */,
				0CBB627319916112001A06D0 /* InfoPlist.strings */,
				0CBB627619916112001A06D0 /* main.m */,
				0CBB627819916112001A06D0 /* UGO MTL-Prefix.pch */,
			);
			name = "Supporting Files";
			sourceTree = "<group>";
		};
		0CBB628F19916112001A06D0 /* UGO MontrealTests */ = {
			isa = PBXGroup;
			children = (
				0CBB629519916112001A06D0 /* UGO_MontrealTests.m */,
				0CBB629019916112001A06D0 /* Supporting Files */,
			);
			path = "UGO MontrealTests";
			sourceTree = "<group>";
		};
		0CBB629019916112001A06D0 /* Supporting Files */ = {
			isa = PBXGroup;
			children = (
				0CBB629119916112001A06D0 /* UGO MTLTests-Info.plist */,
				0CBB629219916112001A06D0 /* InfoPlist.strings */,
			);
			name = "Supporting Files";
			sourceTree = "<group>";
		};
		0CBB629F199161E0001A06D0 /* MDCParallax */ = {
			isa = PBXGroup;
			children = (
				0CBB62A0199161EB001A06D0 /* MDCParallaxView.h */,
				0CBB62A1199161EB001A06D0 /* MDCParallaxView.m */,
			);
			name = MDCParallax;
			sourceTree = "<group>";
		};
		0CBB62A919916265001A06D0 /* Controllers */ = {
			isa = PBXGroup;
			children = (
				0CDDC33419951C410072CC82 /* DemoMenuController.h */,
				0CDDC33519951C410072CC82 /* DemoMenuController.m */,
				0CDDC33719951C500072CC82 /* PaperFoldMenuControllerDelegate.h */,
				0CDDC33A19951C500072CC82 /* PaperFoldMenuController.h */,
				0CDDC33B19951C500072CC82 /* PaperFoldMenuController.m */,
				0CBB62C8199173BC001A06D0 /* HomePageViewController.h */,
				0CBB62C9199173BC001A06D0 /* HomePageViewController.m */,
				0C4B6FBD1999151A00B80AD6 /* HomeTableViewController.h */,
				0C4B6FBE1999151A00B80AD6 /* HomeTableViewController.m */,
				0CBB62CB199173CC001A06D0 /* SubCategoriesViewController.h */,
				0CBB62CC199173CC001A06D0 /* SubCategoriesViewController.m */,
				0CBB62C219916524001A06D0 /* VenueViewController.h */,
				0CBB62C319916524001A06D0 /* VenueViewController.m */,
				0CBB62B8199164D2001A06D0 /* SamplePhotoBrowserViewController.h */,
				0CBB62B9199164D2001A06D0 /* SamplePhotoBrowserViewController.m */,
				0CBB62B5199164C2001A06D0 /* ParallaxPhotoViewController.h */,
				0CBB62B6199164C2001A06D0 /* ParallaxPhotoViewController.m */,
				0CBB62A31991624C001A06D0 /* KingViewController.h */,
				0CBB62A41991624C001A06D0 /* KingViewController.m */,
				0C730FDE19926496001E4A04 /* DetailsViewController.h */,
				0C730FDF19926496001E4A04 /* DetailsViewController.m */,
				0C1AD7201994161B00E9BCE5 /* TagsViewController.h */,
				0C1AD7211994161B00E9BCE5 /* TagsViewController.m */,
				0C8136D419AE67A0007A01F8 /* AboutViewController.h */,
				0C8136D519AE67A0007A01F8 /* AboutViewController.m */,
				0C8136D719AE6AB9007A01F8 /* FavouritesViewController.h */,
				0C8136D819AE6AB9007A01F8 /* FavouritesViewController.m */,
				0CEA415619AFAA180074E996 /* Localization.strings */,
			);
			name = Controllers;
			sourceTree = "<group>";
		};
		0CBB62AC199162AC001A06D0 /* assets */ = {
			isa = PBXGroup;
			children = (
				0C8136DC19AE74B9007A01F8 /* dery.jpg */,
				0CEA415019AFA8560074E996 /* fav-bg-0@2x.png */,
				0C8136CE19AE383F007A01F8 /* sidebar-about@2x.png */,
				0C8136CF19AE383F007A01F8 /* sidebar-fav@2x.png */,
				0C8136D019AE383F007A01F8 /* sidebar-lang@2x.png */,
				0CF022921991C3DB008EDCBD /* OpenSans-Bold.ttf */,
				0CF022931991C3DB008EDCBD /* OpenSans-Light.ttf */,
				0CF022981991C45A008EDCBD /* OpenSans-Regular.ttf */,
				0CF022941991C3DB008EDCBD /* OpenSans-Semibold.ttf */,
				0CBB62AD199162B1001A06D0 /* images */,
			);
			name = assets;
			sourceTree = "<group>";
		};
		0CBB62AD199162B1001A06D0 /* images */ = {
			isa = PBXGroup;
			children = (
				0CD376CF19AF70B000D84B89 /* full@2x.png */,
				0C35FC1F19ABB3BD00D8ABD8 /* persona@2x.png */,
				0CD376CB19AF6F7B00D84B89 /* animation@2x.gif */,
				0C65A89919A7BEFE004AAC9E /* favourite-full@2x.png */,
				0CE36DEC19A7A1BF00AD093D /* fav-btn@2x.png */,
				0C4B6FD019991E7100B80AD6 /* hamburger@2x.png */,
				0C4B6FCE19991DD200B80AD6 /* navLogo@2x.png */,
				0C4B6FC01999170F00B80AD6 /* 0catIcon@2x.png */,
				0C4B6FC11999170F00B80AD6 /* 1catIcon@2x.png */,
				0C4B6FC21999170F00B80AD6 /* 3catIcon@2x.png */,
				0C4B6FC31999170F00B80AD6 /* 2catIcon@2x.png */,
				0C4B6FC41999170F00B80AD6 /* 4catIcon@2x.png */,
				0CDDC355199520E60072CC82 /* LaunchImage@2x.png */,
				0CDDC353199520CD0072CC82 /* Icon@2x.png */,
				0CDDC33819951C500072CC82 /* cellBg@2x.png */,
				0CDDC33919951C500072CC82 /* cellBgSelected@2x.png */,
				0CDDC32C199515DB0072CC82 /* call_info@2x.png */,
				0CDDC32D199515DB0072CC82 /* fav_info@2x.png */,
				0CDDC32E199515DB0072CC82 /* fb_info@2x.png */,
				0CDDC32F199515DB0072CC82 /* map_info@2x.png */,
				0C730FDC199252EC001E4A04 /* info-button@2x.png */,
				0C730FDA199252B9001E4A04 /* fav-button@2x.png */,
				0CBB62C619916D24001A06D0 /* ugo-back@2x.png */,
				0CF022991991C5AB008EDCBD /* forward-arrow@2x.png */,
				0CBB62AA199162AA001A06D0 /* background.png */,
				0CF022CD1991C8FE008EDCBD /* placeholder.png */,
				0CF022CE1991C8FE008EDCBD /* placeholder@2x.png */,
			);
			name = images;
			sourceTree = "<group>";
		};
		0CBB62AE199163AD001A06D0 /* QMBParallax */ = {
			isa = PBXGroup;
			children = (
				0CBB62BE19916504001A06D0 /* KICamera.png */,
				0CBB62BF19916504001A06D0 /* KICamera@2x.png */,
				0CBB62BB199164FB001A06D0 /* KIImagePager.h */,
				0CBB62BC199164FB001A06D0 /* KIImagePager.m */,
				0CBB62AF199163CC001A06D0 /* QMBParallaxScrollViewController.h */,
				0CBB62B0199163CC001A06D0 /* QMBParallaxScrollViewController.m */,
				0CBB62B1199163CC001A06D0 /* UIViewController+QMBParallaxScrollViewController.h */,
				0CBB62B2199163CC001A06D0 /* UIViewController+QMBParallaxScrollViewController.m */,
			);
			name = QMBParallax;
			sourceTree = "<group>";
		};
		0CBB62CE199173F5001A06D0 /* AFNetworking */ = {
			isa = PBXGroup;
			children = (
				0CBB62CF199173F5001A06D0 /* AFHTTPRequestOperation.h */,
				0CBB62D0199173F5001A06D0 /* AFHTTPRequestOperation.m */,
				0CBB62D1199173F5001A06D0 /* AFHTTPRequestOperationManager.h */,
				0CBB62D2199173F5001A06D0 /* AFHTTPRequestOperationManager.m */,
				0CBB62D3199173F5001A06D0 /* AFHTTPSessionManager.h */,
				0CBB62D4199173F5001A06D0 /* AFHTTPSessionManager.m */,
				0CBB62D5199173F5001A06D0 /* AFNetworking.h */,
				0CBB62D6199173F5001A06D0 /* AFNetworkReachabilityManager.h */,
				0CBB62D7199173F5001A06D0 /* AFNetworkReachabilityManager.m */,
				0CBB62D8199173F5001A06D0 /* AFSecurityPolicy.h */,
				0CBB62D9199173F5001A06D0 /* AFSecurityPolicy.m */,
				0CBB62DA199173F5001A06D0 /* AFURLConnectionOperation.h */,
				0CBB62DB199173F5001A06D0 /* AFURLConnectionOperation.m */,
				0CBB62DC199173F5001A06D0 /* AFURLRequestSerialization.h */,
				0CBB62DD199173F5001A06D0 /* AFURLRequestSerialization.m */,
				0CBB62DE199173F5001A06D0 /* AFURLResponseSerialization.h */,
				0CBB62DF199173F5001A06D0 /* AFURLResponseSerialization.m */,
				0CBB62E0199173F5001A06D0 /* AFURLSessionManager.h */,
				0CBB62E1199173F5001A06D0 /* AFURLSessionManager.m */,
			);
			path = AFNetworking;
			sourceTree = "<group>";
		};
		0CCCE93119A6610100DA782E /* Segues */ = {
			isa = PBXGroup;
			children = (
				0C14F67219A6613E008E8E6F /* PullDownSegue.h */,
				0C14F67319A6613E008E8E6F /* PullDownSegue.m */,
				0C65A89B19A7CB6C004AAC9E /* FirstSegue.h */,
				0C65A89C19A7CB6C004AAC9E /* FirstSegue.m */,
			);
			name = Segues;
			sourceTree = "<group>";
		};
		0CDDC33F19951D2A0072CC82 /* PaperFold */ = {
			isa = PBXGroup;
			children = (
				0CDDC34019951D370072CC82 /* FacingView.h */,
				0CDDC34119951D370072CC82 /* FacingView.m */,
				0CDDC34219951D370072CC82 /* FoldView.h */,
				0CDDC34319951D370072CC82 /* FoldView.m */,
				0CDDC34419951D370072CC82 /* MultiFoldView.h */,
				0CDDC34519951D370072CC82 /* MultiFoldView.m */,
				0CDDC34619951D370072CC82 /* PaperFoldConstants.h */,
				0CDDC34719951D370072CC82 /* PaperFoldView.h */,
				0CDDC34819951D370072CC82 /* PaperFoldView.m */,
				0CDDC34919951D370072CC82 /* ShadowView.h */,
				0CDDC34A19951D370072CC82 /* ShadowView.m */,
				0CDDC34B19951D370072CC82 /* UIView+Screenshot.h */,
				0CDDC34C19951D370072CC82 /* UIView+Screenshot.m */,
			);
			name = PaperFold;
			sourceTree = "<group>";
		};
		0CE36DE619A79F8800AD093D /* Animations */ = {
			isa = PBXGroup;
			children = (
				0C65A89E19A7CCDA004AAC9E /* Classes */,
				0CE36DE719A79F9700AD093D /* Animations.h */,
				0CE36DE819A79F9700AD093D /* Animations.m */,
			);
			name = Animations;
			sourceTree = "<group>";
		};
		0CEA413D19AFA2730074E996 /* SubTable */ = {
			isa = PBXGroup;
			children = (
				0CEA413E19AFA2730074E996 /* ParentCell */,
				0CEA414119AFA2730074E996 /* ParentTableView.h */,
				0CEA414219AFA2730074E996 /* ParentTableView.m */,
				0CEA414319AFA2730074E996 /* SubRow */,
			);
			path = SubTable;
			sourceTree = "<group>";
		};
		0CEA413E19AFA2730074E996 /* ParentCell */ = {
			isa = PBXGroup;
			children = (
				0CEA413F19AFA2730074E996 /* ParentTableViewCell.h */,
				0CEA414019AFA2730074E996 /* ParentTableViewCell.m */,
			);
			path = ParentCell;
			sourceTree = "<group>";
		};
		0CEA414319AFA2730074E996 /* SubRow */ = {
			isa = PBXGroup;
			children = (
				0CEA414419AFA2730074E996 /* ChildCell */,
				0CEA414719AFA2730074E996 /* ExpandedContainer.h */,
				0CEA414819AFA2730074E996 /* ExpandedContainer.m */,
				0CEA414919AFA2730074E996 /* SubTableView.h */,
				0CEA414A19AFA2730074E996 /* SubTableView.m */,
			);
			path = SubRow;
			sourceTree = "<group>";
		};
		0CEA414419AFA2730074E996 /* ChildCell */ = {
			isa = PBXGroup;
			children = (
				0CEA414519AFA2730074E996 /* SubTableViewCell.h */,
				0CEA414619AFA2730074E996 /* SubTableViewCell.m */,
			);
			path = ChildCell;
			sourceTree = "<group>";
		};
		0CF022831991B41C008EDCBD /* Librairies */ = {
			isa = PBXGroup;
			children = (
				0CEA413D19AFA2730074E996 /* SubTable */,
				0CD376CD19AF6FAB00D84B89 /* libGoogleAnalyticsServices.a */,
				0CE3745919AE96CB004F29EA /* UIImage+animatedGIF.h */,
				0CE3745A19AE96CB004F29EA /* UIImage+animatedGIF.m */,
				0C8136E019AE8EC8007A01F8 /* Analytics */,
				0CDDC33F19951D2A0072CC82 /* PaperFold */,
				0C1AD6B61994010400E9BCE5 /* SSKeychain */,
				0C1AD6B01993E95D00E9BCE5 /* resizableTextView-master */,
				0CF0229B1991C768008EDCBD /* SDWebImage */,
				0CBB62CE199173F5001A06D0 /* AFNetworking */,
				0CBB629F199161E0001A06D0 /* MDCParallax */,
				0CBB62AE199163AD001A06D0 /* QMBParallax */,
			);
			name = Librairies;
			sourceTree = "<group>";
		};
		0CF022841991B42F008EDCBD /* Models */ = {
			isa = PBXGroup;
			children = (
				0CF022851991B489008EDCBD /* Persona.h */,
				0CF022861991B489008EDCBD /* Persona.m */,
				0CF022871991B489008EDCBD /* Venue.h */,
				0CF022881991B489008EDCBD /* Venue.m */,
			);
			name = Models;
			sourceTree = "<group>";
		};
		0CF0228B1991B851008EDCBD /* Views */ = {
			isa = PBXGroup;
			children = (
				0CF0228C1991B869008EDCBD /* PersonaCard.h */,
				0CF0228D1991B869008EDCBD /* PersonaCard.m */,
				0C4B6FCA1999195A00B80AD6 /* TypeCell.h */,
				0C4B6FCB1999195A00B80AD6 /* TypeCell.m */,
			);
			name = Views;
			sourceTree = "<group>";
		};
		0CF0229B1991C768008EDCBD /* SDWebImage */ = {
			isa = PBXGroup;
			children = (
				0CF0229C1991C768008EDCBD /* MKAnnotationView+WebCache.h */,
				0CF0229D1991C768008EDCBD /* MKAnnotationView+WebCache.m */,
				0CF0229E1991C768008EDCBD /* NSData+ImageContentType.h */,
				0CF0229F1991C768008EDCBD /* NSData+ImageContentType.m */,
				0CF022A01991C768008EDCBD /* SDImageCache.h */,
				0CF022A11991C768008EDCBD /* SDImageCache.m */,
				0CF022A21991C768008EDCBD /* SDWebImageCompat.h */,
				0CF022A31991C768008EDCBD /* SDWebImageCompat.m */,
				0CF022A41991C768008EDCBD /* SDWebImageDecoder.h */,
				0CF022A51991C768008EDCBD /* SDWebImageDecoder.m */,
				0CF022A61991C768008EDCBD /* SDWebImageDownloader.h */,
				0CF022A71991C768008EDCBD /* SDWebImageDownloader.m */,
				0CF022A81991C768008EDCBD /* SDWebImageDownloaderOperation.h */,
				0CF022A91991C768008EDCBD /* SDWebImageDownloaderOperation.m */,
				0CF022AA1991C768008EDCBD /* SDWebImageManager.h */,
				0CF022AB1991C768008EDCBD /* SDWebImageManager.m */,
				0CF022AC1991C768008EDCBD /* SDWebImageOperation.h */,
				0CF022AD1991C768008EDCBD /* SDWebImagePrefetcher.h */,
				0CF022AE1991C768008EDCBD /* SDWebImagePrefetcher.m */,
				0CF022AF1991C768008EDCBD /* UIButton+WebCache.h */,
				0CF022B01991C768008EDCBD /* UIButton+WebCache.m */,
				0CF022B11991C768008EDCBD /* UIImage+GIF.h */,
				0CF022B21991C768008EDCBD /* UIImage+GIF.m */,
				0CF022B31991C768008EDCBD /* UIImage+MultiFormat.h */,
				0CF022B41991C768008EDCBD /* UIImage+MultiFormat.m */,
				0CF022B51991C768008EDCBD /* UIImage+WebP.h */,
				0CF022B61991C768008EDCBD /* UIImage+WebP.m */,
				0CF022B71991C768008EDCBD /* UIImageView+HighlightedWebCache.h */,
				0CF022B81991C768008EDCBD /* UIImageView+HighlightedWebCache.m */,
				0CF022B91991C768008EDCBD /* UIImageView+WebCache.h */,
				0CF022BA1991C768008EDCBD /* UIImageView+WebCache.m */,
				0CF022BB1991C768008EDCBD /* UIView+WebCacheOperation.h */,
				0CF022BC1991C768008EDCBD /* UIView+WebCacheOperation.m */,
			);
			path = SDWebImage;
			sourceTree = "<group>";
		};
/* End PBXGroup section */

/* Begin PBXNativeTarget section */
		0CBB626619916112001A06D0 /* UGO MTL */ = {
			isa = PBXNativeTarget;
			buildConfigurationList = 0CBB629919916112001A06D0 /* Build configuration list for PBXNativeTarget "UGO MTL" */;
			buildPhases = (
				726A30BB5D5D4EC3B49504BC /* Check Pods Manifest.lock */,
				0CBB626319916112001A06D0 /* Sources */,
				0CBB626419916112001A06D0 /* Frameworks */,
				0CBB626519916112001A06D0 /* Resources */,
				22EA9DEBFC1544C08E8E92EE /* Copy Pods Resources */,
			);
			buildRules = (
			);
			dependencies = (
			);
			name = "UGO MTL";
			productName = "UGO Montreal";
			productReference = 0CBB626719916112001A06D0 /* UGO MTL.app */;
			productType = "com.apple.product-type.application";
		};
		0CBB628719916112001A06D0 /* UGO MTLTests */ = {
			isa = PBXNativeTarget;
			buildConfigurationList = 0CBB629C19916112001A06D0 /* Build configuration list for PBXNativeTarget "UGO MTLTests" */;
			buildPhases = (
				0CBB628419916112001A06D0 /* Sources */,
				0CBB628519916112001A06D0 /* Frameworks */,
				0CBB628619916112001A06D0 /* Resources */,
			);
			buildRules = (
			);
			dependencies = (
				0CBB628E19916112001A06D0 /* PBXTargetDependency */,
			);
			name = "UGO MTLTests";
			productName = "UGO MontrealTests";
			productReference = 0CBB628819916112001A06D0 /* UGO MTLTests.xctest */;
			productType = "com.apple.product-type.bundle.unit-test";
		};
/* End PBXNativeTarget section */

/* Begin PBXProject section */
		0CBB625F19916112001A06D0 /* Project object */ = {
			isa = PBXProject;
			attributes = {
				LastUpgradeCheck = 0510;
				ORGANIZATIONNAME = "Développements Third Bridge Inc.";
				TargetAttributes = {
					0CBB626619916112001A06D0 = {
						DevelopmentTeam = 4HXZK4QW3Z;
					};
					0CBB628719916112001A06D0 = {
						TestTargetID = 0CBB626619916112001A06D0;
					};
				};
			};
			buildConfigurationList = 0CBB626219916112001A06D0 /* Build configuration list for PBXProject "UGO MTL" */;
			compatibilityVersion = "Xcode 3.2";
			developmentRegion = English;
			hasScannedForEncodings = 0;
			knownRegions = (
				en,
				Base,
				fr,
			);
			mainGroup = 0CBB625E19916112001A06D0;
			productRefGroup = 0CBB626819916112001A06D0 /* Products */;
			projectDirPath = "";
			projectRoot = "";
			targets = (
				0CBB626619916112001A06D0 /* UGO MTL */,
				0CBB628719916112001A06D0 /* UGO MTLTests */,
			);
		};
/* End PBXProject section */

/* Begin PBXResourcesBuildPhase section */
		0CBB626519916112001A06D0 /* Resources */ = {
			isa = PBXResourcesBuildPhase;
			buildActionMask = 2147483647;
			files = (
				0CF022951991C3DB008EDCBD /* OpenSans-Bold.ttf in Resources */,
				0C6008B01992943E00EEFA5A /* OpenSans-Regular.ttf in Resources */,
				0CDDC354199520CD0072CC82 /* Icon@2x.png in Resources */,
				0CBB62C719916D24001A06D0 /* ugo-back@2x.png in Resources */,
				0CDDC332199515DB0072CC82 /* fb_info@2x.png in Resources */,
				0CF022CF1991C8FE008EDCBD /* placeholder.png in Resources */,
				0CEA415119AFA8560074E996 /* fav-bg-0@2x.png in Resources */,
				0C8136D219AE383F007A01F8 /* sidebar-fav@2x.png in Resources */,
				0CBB62C019916504001A06D0 /* KICamera.png in Resources */,
				0CF022D01991C8FE008EDCBD /* placeholder@2x.png in Resources */,
				0CD376CC19AF6F7B00D84B89 /* animation@2x.gif in Resources */,
				0C8136D319AE383F007A01F8 /* sidebar-lang@2x.png in Resources */,
				0C730FDB199252B9001E4A04 /* fav-button@2x.png in Resources */,
				0C4B6FC81999170F00B80AD6 /* 2catIcon@2x.png in Resources */,
				0C4B6FD119991E7100B80AD6 /* hamburger@2x.png in Resources */,
				0C4B6FC51999170F00B80AD6 /* 0catIcon@2x.png in Resources */,
				0CDDC356199520E60072CC82 /* LaunchImage@2x.png in Resources */,
				0C730FDD199252EC001E4A04 /* info-button@2x.png in Resources */,
				0CEA415419AFAA180074E996 /* Localization.strings in Resources */,
				0CBB628319916112001A06D0 /* Images.xcassets in Resources */,
				0CF022971991C3DB008EDCBD /* OpenSans-Semibold.ttf in Resources */,
				0CDDC33D19951C500072CC82 /* cellBgSelected@2x.png in Resources */,
				0CD376D019AF70B000D84B89 /* full@2x.png in Resources */,
				0C8136DD19AE74B9007A01F8 /* dery.jpg in Resources */,
				0C4B6FC61999170F00B80AD6 /* 1catIcon@2x.png in Resources */,
				0C35FC2019ABB3BD00D8ABD8 /* persona@2x.png in Resources */,
				0CF0229A1991C5AB008EDCBD /* forward-arrow@2x.png in Resources */,
				0CBB62AB199162AA001A06D0 /* background.png in Resources */,
				0CDDC330199515DB0072CC82 /* call_info@2x.png in Resources */,
				0C4B6FC71999170F00B80AD6 /* 3catIcon@2x.png in Resources */,
				0C8136D119AE383F007A01F8 /* sidebar-about@2x.png in Resources */,
				0C4B6FC91999170F00B80AD6 /* 4catIcon@2x.png in Resources */,
				0C65A89A19A7BEFE004AAC9E /* favourite-full@2x.png in Resources */,
				0CBB62C119916504001A06D0 /* KICamera@2x.png in Resources */,
				0C4B6FCF19991DD200B80AD6 /* navLogo@2x.png in Resources */,
				0CDDC33C19951C500072CC82 /* cellBg@2x.png in Resources */,
				0CF022961991C3DB008EDCBD /* OpenSans-Light.ttf in Resources */,
				0CDDC331199515DB0072CC82 /* fav_info@2x.png in Resources */,
				0CDDC333199515DB0072CC82 /* map_info@2x.png in Resources */,
				0CBB627519916112001A06D0 /* InfoPlist.strings in Resources */,
				0CBB627E19916112001A06D0 /* Main.storyboard in Resources */,
				0C1AD6BD1994010400E9BCE5 /* SSKeychain.strings in Resources */,
				0CE36DED19A7A1BF00AD093D /* fav-btn@2x.png in Resources */,
			);
			runOnlyForDeploymentPostprocessing = 0;
		};
		0CBB628619916112001A06D0 /* Resources */ = {
			isa = PBXResourcesBuildPhase;
			buildActionMask = 2147483647;
			files = (
				0CBB629419916112001A06D0 /* InfoPlist.strings in Resources */,
			);
			runOnlyForDeploymentPostprocessing = 0;
		};
/* End PBXResourcesBuildPhase section */

/* Begin PBXShellScriptBuildPhase section */
		22EA9DEBFC1544C08E8E92EE /* Copy Pods Resources */ = {
			isa = PBXShellScriptBuildPhase;
			buildActionMask = 2147483647;
			files = (
			);
			inputPaths = (
			);
			name = "Copy Pods Resources";
			outputPaths = (
			);
			runOnlyForDeploymentPostprocessing = 0;
			shellPath = /bin/sh;
			shellScript = "\"${SRCROOT}/Pods/Pods-resources.sh\"\n";
			showEnvVarsInLog = 0;
		};
		726A30BB5D5D4EC3B49504BC /* Check Pods Manifest.lock */ = {
			isa = PBXShellScriptBuildPhase;
			buildActionMask = 2147483647;
			files = (
			);
			inputPaths = (
			);
			name = "Check Pods Manifest.lock";
			outputPaths = (
			);
			runOnlyForDeploymentPostprocessing = 0;
			shellPath = /bin/sh;
			shellScript = "diff \"${PODS_ROOT}/../Podfile.lock\" \"${PODS_ROOT}/Manifest.lock\" > /dev/null\nif [[ $? != 0 ]] ; then\n    cat << EOM\nerror: The sandbox is not in sync with the Podfile.lock. Run 'pod install' or update your CocoaPods installation.\nEOM\n    exit 1\nfi\n";
			showEnvVarsInLog = 0;
		};
/* End PBXShellScriptBuildPhase section */

/* Begin PBXSourcesBuildPhase section */
		0CBB626319916112001A06D0 /* Sources */ = {
			isa = PBXSourcesBuildPhase;
			buildActionMask = 2147483647;
			files = (
				0CDDC34E19951D370072CC82 /* FoldView.m in Sources */,
				0CF022891991B489008EDCBD /* Persona.m in Sources */,
				0C65A8A119A7CCDA004AAC9E /* NGAParallaxMotion.m in Sources */,
				0CF022C61991C768008EDCBD /* UIButton+WebCache.m in Sources */,
				0CF022C41991C768008EDCBD /* SDWebImageManager.m in Sources */,
				0CBB62E2199173F5001A06D0 /* AFHTTPRequestOperation.m in Sources */,
				0C8136D619AE67A0007A01F8 /* AboutViewController.m in Sources */,
				0CBB62A2199161EB001A06D0 /* MDCParallaxView.m in Sources */,
				0CBB627B19916112001A06D0 /* AppDelegate.m in Sources */,
				0CF022C21991C768008EDCBD /* SDWebImageDownloader.m in Sources */,
				0CEA414F19AFA2730074E996 /* SubTableView.m in Sources */,
				0CEA414E19AFA2730074E996 /* ExpandedContainer.m in Sources */,
				0CBB62EA199173F5001A06D0 /* AFURLSessionManager.m in Sources */,
				0CF022C01991C768008EDCBD /* SDWebImageCompat.m in Sources */,
				0CBB62CA199173BC001A06D0 /* HomePageViewController.m in Sources */,
				0CDDC34D19951D370072CC82 /* FacingView.m in Sources */,
				0CBB62E7199173F5001A06D0 /* AFURLConnectionOperation.m in Sources */,
				0CDDC35019951D370072CC82 /* PaperFoldView.m in Sources */,
				0CBB62E3199173F5001A06D0 /* AFHTTPRequestOperationManager.m in Sources */,
				0C4B6FCC1999195A00B80AD6 /* TypeCell.m in Sources */,
				0CDDC33E19951C500072CC82 /* PaperFoldMenuController.m in Sources */,
				0CE3745B19AE96CB004F29EA /* UIImage+animatedGIF.m in Sources */,
				0C1AD6BF1994010400E9BCE5 /* SSKeychainQuery.m in Sources */,
				0CEA414B19AFA2730074E996 /* ParentTableViewCell.m in Sources */,
				0CF022CC1991C768008EDCBD /* UIView+WebCacheOperation.m in Sources */,
				0CBB62BA199164D2001A06D0 /* SamplePhotoBrowserViewController.m in Sources */,
				0CBB62E5199173F5001A06D0 /* AFNetworkReachabilityManager.m in Sources */,
				0CEA414C19AFA2730074E996 /* ParentTableView.m in Sources */,
				0CDDC35119951D370072CC82 /* ShadowView.m in Sources */,
				0C8136D919AE6AB9007A01F8 /* FavouritesViewController.m in Sources */,
				0CDDC35219951D370072CC82 /* UIView+Screenshot.m in Sources */,
				0C4B6FBF1999151A00B80AD6 /* HomeTableViewController.m in Sources */,
				0CF022CB1991C768008EDCBD /* UIImageView+WebCache.m in Sources */,
				0CF022C91991C768008EDCBD /* UIImage+WebP.m in Sources */,
				0CF022BF1991C768008EDCBD /* SDImageCache.m in Sources */,
				0CBB627719916112001A06D0 /* main.m in Sources */,
				0CF022C81991C768008EDCBD /* UIImage+MultiFormat.m in Sources */,
				0CF022C31991C768008EDCBD /* SDWebImageDownloaderOperation.m in Sources */,
				0CBB62B4199163CC001A06D0 /* UIViewController+QMBParallaxScrollViewController.m in Sources */,
				0C1AD6BE1994010400E9BCE5 /* SSKeychain.m in Sources */,
				0CF022CA1991C768008EDCBD /* UIImageView+HighlightedWebCache.m in Sources */,
				0CEA414D19AFA2730074E996 /* SubTableViewCell.m in Sources */,
				0CBB62E6199173F5001A06D0 /* AFSecurityPolicy.m in Sources */,
				0CBB62BD199164FB001A06D0 /* KIImagePager.m in Sources */,
				0CBB62E8199173F5001A06D0 /* AFURLRequestSerialization.m in Sources */,
				0CBB62C419916524001A06D0 /* VenueViewController.m in Sources */,
				0CF022BE1991C768008EDCBD /* NSData+ImageContentType.m in Sources */,
				0CBB62E9199173F5001A06D0 /* AFURLResponseSerialization.m in Sources */,
				0CE36DE919A79F9700AD093D /* Animations.m in Sources */,
				0CBB62A51991624C001A06D0 /* KingViewController.m in Sources */,
				0C14F67419A6613E008E8E6F /* PullDownSegue.m in Sources */,
				0C65A89D19A7CB6C004AAC9E /* FirstSegue.m in Sources */,
				0CF0228E1991B869008EDCBD /* PersonaCard.m in Sources */,
				0C730FE019926496001E4A04 /* DetailsViewController.m in Sources */,
				0CDDC34F19951D370072CC82 /* MultiFoldView.m in Sources */,
				0CF022C11991C768008EDCBD /* SDWebImageDecoder.m in Sources */,
				0CBB62B7199164C2001A06D0 /* ParallaxPhotoViewController.m in Sources */,
				0C1AD7221994161B00E9BCE5 /* TagsViewController.m in Sources */,
				0CBB62E4199173F5001A06D0 /* AFHTTPSessionManager.m in Sources */,
				0CBB62B3199163CC001A06D0 /* QMBParallaxScrollViewController.m in Sources */,
				0CBB62CD199173CC001A06D0 /* SubCategoriesViewController.m in Sources */,
				0CF022C51991C768008EDCBD /* SDWebImagePrefetcher.m in Sources */,
				0CF022BD1991C768008EDCBD /* MKAnnotationView+WebCache.m in Sources */,
				0C1AD6B31993E95D00E9BCE5 /* TNResizableTextView.m in Sources */,
				0CDDC33619951C410072CC82 /* DemoMenuController.m in Sources */,
				0CF022C71991C768008EDCBD /* UIImage+GIF.m in Sources */,
				0CF0228A1991B489008EDCBD /* Venue.m in Sources */,
			);
			runOnlyForDeploymentPostprocessing = 0;
		};
		0CBB628419916112001A06D0 /* Sources */ = {
			isa = PBXSourcesBuildPhase;
			buildActionMask = 2147483647;
			files = (
				0CBB629619916112001A06D0 /* UGO_MontrealTests.m in Sources */,
			);
			runOnlyForDeploymentPostprocessing = 0;
		};
/* End PBXSourcesBuildPhase section */

/* Begin PBXTargetDependency section */
		0CBB628E19916112001A06D0 /* PBXTargetDependency */ = {
			isa = PBXTargetDependency;
			target = 0CBB626619916112001A06D0 /* UGO MTL */;
			targetProxy = 0CBB628D19916112001A06D0 /* PBXContainerItemProxy */;
		};
/* End PBXTargetDependency section */

/* Begin PBXVariantGroup section */
		0C1AD6B71994010400E9BCE5 /* SSKeychain.strings */ = {
			isa = PBXVariantGroup;
			children = (
				0C1AD6B81994010400E9BCE5 /* en */,
			);
			name = SSKeychain.strings;
			sourceTree = "<group>";
		};
		0CBB627319916112001A06D0 /* InfoPlist.strings */ = {
			isa = PBXVariantGroup;
			children = (
				0CBB627419916112001A06D0 /* en */,
			);
			name = InfoPlist.strings;
			sourceTree = "<group>";
		};
		0CBB627C19916112001A06D0 /* Main.storyboard */ = {
			isa = PBXVariantGroup;
			children = (
				0CBB627D19916112001A06D0 /* Base */,
				0C35FC2119ABB5E200D8ABD8 /* fr */,
			);
			name = Main.storyboard;
			sourceTree = "<group>";
		};
		0CBB629219916112001A06D0 /* InfoPlist.strings */ = {
			isa = PBXVariantGroup;
			children = (
				0CBB629319916112001A06D0 /* en */,
			);
			name = InfoPlist.strings;
			sourceTree = "<group>";
		};
		0CEA415619AFAA180074E996 /* Localization.strings */ = {
			isa = PBXVariantGroup;
			children = (
				0CEA415719AFAA1B0074E996 /* fr */,
				0CEA415919AFAA270074E996 /* en */,
			);
			name = Localization.strings;
			sourceTree = "<group>";
		};
/* End PBXVariantGroup section */

/* Begin XCBuildConfiguration section */
		0CBB629719916112001A06D0 /* Debug */ = {
			isa = XCBuildConfiguration;
			buildSettings = {
				ALWAYS_SEARCH_USER_PATHS = NO;
				CLANG_CXX_LANGUAGE_STANDARD = "gnu++0x";
				CLANG_CXX_LIBRARY = "libc++";
				CLANG_ENABLE_MODULES = YES;
				CLANG_ENABLE_OBJC_ARC = YES;
				CLANG_WARN_BOOL_CONVERSION = YES;
				CLANG_WARN_CONSTANT_CONVERSION = YES;
				CLANG_WARN_DIRECT_OBJC_ISA_USAGE = YES_ERROR;
				CLANG_WARN_EMPTY_BODY = YES;
				CLANG_WARN_ENUM_CONVERSION = YES;
				CLANG_WARN_INT_CONVERSION = YES;
				CLANG_WARN_OBJC_ROOT_CLASS = YES_ERROR;
				CLANG_WARN__DUPLICATE_METHOD_MATCH = YES;
				"CODE_SIGN_IDENTITY[sdk=iphoneos*]" = "iPhone Developer";
				COPY_PHASE_STRIP = NO;
				GCC_C_LANGUAGE_STANDARD = gnu99;
				GCC_DYNAMIC_NO_PIC = NO;
				GCC_OPTIMIZATION_LEVEL = 0;
				GCC_PREPROCESSOR_DEFINITIONS = (
					"DEBUG=1",
					"$(inherited)",
				);
				GCC_SYMBOLS_PRIVATE_EXTERN = NO;
				GCC_WARN_64_TO_32_BIT_CONVERSION = YES;
				GCC_WARN_ABOUT_RETURN_TYPE = YES_ERROR;
				GCC_WARN_UNDECLARED_SELECTOR = YES;
				GCC_WARN_UNINITIALIZED_AUTOS = YES_AGGRESSIVE;
				GCC_WARN_UNUSED_FUNCTION = YES;
				GCC_WARN_UNUSED_VARIABLE = YES;
				IPHONEOS_DEPLOYMENT_TARGET = 7.1;
				ONLY_ACTIVE_ARCH = YES;
				SDKROOT = iphoneos;
			};
			name = Debug;
		};
		0CBB629819916112001A06D0 /* Release */ = {
			isa = XCBuildConfiguration;
			buildSettings = {
				ALWAYS_SEARCH_USER_PATHS = NO;
				CLANG_CXX_LANGUAGE_STANDARD = "gnu++0x";
				CLANG_CXX_LIBRARY = "libc++";
				CLANG_ENABLE_MODULES = YES;
				CLANG_ENABLE_OBJC_ARC = YES;
				CLANG_WARN_BOOL_CONVERSION = YES;
				CLANG_WARN_CONSTANT_CONVERSION = YES;
				CLANG_WARN_DIRECT_OBJC_ISA_USAGE = YES_ERROR;
				CLANG_WARN_EMPTY_BODY = YES;
				CLANG_WARN_ENUM_CONVERSION = YES;
				CLANG_WARN_INT_CONVERSION = YES;
				CLANG_WARN_OBJC_ROOT_CLASS = YES_ERROR;
				CLANG_WARN__DUPLICATE_METHOD_MATCH = YES;
				"CODE_SIGN_IDENTITY[sdk=iphoneos*]" = "iPhone Developer";
				COPY_PHASE_STRIP = YES;
				ENABLE_NS_ASSERTIONS = NO;
				GCC_C_LANGUAGE_STANDARD = gnu99;
				GCC_WARN_64_TO_32_BIT_CONVERSION = YES;
				GCC_WARN_ABOUT_RETURN_TYPE = YES_ERROR;
				GCC_WARN_UNDECLARED_SELECTOR = YES;
				GCC_WARN_UNINITIALIZED_AUTOS = YES_AGGRESSIVE;
				GCC_WARN_UNUSED_FUNCTION = YES;
				GCC_WARN_UNUSED_VARIABLE = YES;
				IPHONEOS_DEPLOYMENT_TARGET = 7.1;
				SDKROOT = iphoneos;
				VALIDATE_PRODUCT = YES;
			};
			name = Release;
		};
		0CBB629A19916112001A06D0 /* Debug */ = {
			isa = XCBuildConfiguration;
			baseConfigurationReference = 0DC48D4D175941BD8356429B /* Pods.xcconfig */;
			buildSettings = {
				ASSETCATALOG_COMPILER_APPICON_NAME = AppIcon;
				ASSETCATALOG_COMPILER_LAUNCHIMAGE_NAME = LaunchImage;
				CODE_SIGN_IDENTITY = "iPhone Developer";
				GCC_PRECOMPILE_PREFIX_HEADER = YES;
				GCC_PREFIX_HEADER = "UGO Montreal/UGO MTL-Prefix.pch";
				INFOPLIST_FILE = "UGO Montreal/UGO MTL-Info.plist";
				IPHONEOS_DEPLOYMENT_TARGET = 7.0;
				LIBRARY_SEARCH_PATHS = (
					"$(inherited)",
					"$(PROJECT_DIR)/UGO",
					Montreal,
					"$(PROJECT_DIR)/UGO",
					Montreal/Analytics,
					"$(PROJECT_DIR)/UGO",
					Montreal,
					/Users/saadjulien/Documents/GoogleAnalyticsServicesiOS_3.09,
				);
				PRODUCT_NAME = "UGO MTL";
				WRAPPER_EXTENSION = app;
			};
			name = Debug;
		};
		0CBB629B19916112001A06D0 /* Release */ = {
			isa = XCBuildConfiguration;
			baseConfigurationReference = 0DC48D4D175941BD8356429B /* Pods.xcconfig */;
			buildSettings = {
				ASSETCATALOG_COMPILER_APPICON_NAME = AppIcon;
				ASSETCATALOG_COMPILER_LAUNCHIMAGE_NAME = LaunchImage;
				CODE_SIGN_IDENTITY = "iPhone Developer";
				GCC_PRECOMPILE_PREFIX_HEADER = YES;
				GCC_PREFIX_HEADER = "UGO Montreal/UGO MTL-Prefix.pch";
				INFOPLIST_FILE = "UGO Montreal/UGO MTL-Info.plist";
				IPHONEOS_DEPLOYMENT_TARGET = 7.0;
				LIBRARY_SEARCH_PATHS = (
					"$(inherited)",
					"$(PROJECT_DIR)/UGO",
					Montreal,
					"$(PROJECT_DIR)/UGO",
					Montreal/Analytics,
					"$(PROJECT_DIR)/UGO",
					Montreal,
					/Users/saadjulien/Documents/GoogleAnalyticsServicesiOS_3.09,
				);
				PRODUCT_NAME = "UGO MTL";
				WRAPPER_EXTENSION = app;
			};
			name = Release;
		};
		0CBB629D19916112001A06D0 /* Debug */ = {
			isa = XCBuildConfiguration;
			buildSettings = {
				BUNDLE_LOADER = "$(BUILT_PRODUCTS_DIR)/UGO Montreal.app/UGO Montreal";
				FRAMEWORK_SEARCH_PATHS = (
					"$(SDKROOT)/Developer/Library/Frameworks",
					"$(inherited)",
					"$(DEVELOPER_FRAMEWORKS_DIR)",
				);
				GCC_PRECOMPILE_PREFIX_HEADER = YES;
				GCC_PREFIX_HEADER = "UGO Montreal/UGO Montreal-Prefix.pch";
				GCC_PREPROCESSOR_DEFINITIONS = (
					"DEBUG=1",
					"$(inherited)",
				);
				INFOPLIST_FILE = "UGO MontrealTests/UGO MTLTests-Info.plist";
				PRODUCT_NAME = "UGO MTLTests";
				TEST_HOST = "$(BUNDLE_LOADER)";
				WRAPPER_EXTENSION = xctest;
			};
			name = Debug;
		};
		0CBB629E19916112001A06D0 /* Release */ = {
			isa = XCBuildConfiguration;
			buildSettings = {
				BUNDLE_LOADER = "$(BUILT_PRODUCTS_DIR)/UGO Montreal.app/UGO Montreal";
				FRAMEWORK_SEARCH_PATHS = (
					"$(SDKROOT)/Developer/Library/Frameworks",
					"$(inherited)",
					"$(DEVELOPER_FRAMEWORKS_DIR)",
				);
				GCC_PRECOMPILE_PREFIX_HEADER = YES;
				GCC_PREFIX_HEADER = "UGO Montreal/UGO Montreal-Prefix.pch";
				INFOPLIST_FILE = "UGO MontrealTests/UGO MTLTests-Info.plist";
				PRODUCT_NAME = "UGO MTLTests";
				TEST_HOST = "$(BUNDLE_LOADER)";
				WRAPPER_EXTENSION = xctest;
			};
			name = Release;
		};
/* End XCBuildConfiguration section */

/* Begin XCConfigurationList section */
		0CBB626219916112001A06D0 /* Build configuration list for PBXProject "UGO MTL" */ = {
			isa = XCConfigurationList;
			buildConfigurations = (
				0CBB629719916112001A06D0 /* Debug */,
				0CBB629819916112001A06D0 /* Release */,
			);
			defaultConfigurationIsVisible = 0;
			defaultConfigurationName = Release;
		};
		0CBB629919916112001A06D0 /* Build configuration list for PBXNativeTarget "UGO MTL" */ = {
			isa = XCConfigurationList;
			buildConfigurations = (
				0CBB629A19916112001A06D0 /* Debug */,
				0CBB629B19916112001A06D0 /* Release */,
			);
			defaultConfigurationIsVisible = 0;
			defaultConfigurationName = Release;
		};
		0CBB629C19916112001A06D0 /* Build configuration list for PBXNativeTarget "UGO MTLTests" */ = {
			isa = XCConfigurationList;
			buildConfigurations = (
				0CBB629D19916112001A06D0 /* Debug */,
				0CBB629E19916112001A06D0 /* Release */,
			);
			defaultConfigurationIsVisible = 0;
			defaultConfigurationName = Release;
		};
/* End XCConfigurationList section */
	};
	rootObject = 0CBB625F19916112001A06D0 /* Project object */;
}
